
Microsoft Visual Studio Solution File, Format Version 12.00
# Visual Studio Version 16
VisualStudioVersion = 16.0.28705.295
MinimumVisualStudioVersion = 10.0.40219.1
Project("{9A19103F-16F7-4668-BE54-9A1E7A4F7556}") = "KY.Generator", "Main\KY.Generator.csproj", "{228EDC4F-4D60-4278-89FE-700FD299CF4D}"
EndProject
Project("{FAE04EC0-301F-11D3-BF4B-00C04F79EFBC}") = "KY.Generator.Main.Legacy", "Main.Legacy\KY.Generator.Main.Legacy.csproj", "{419A3F6A-A7F5-442A-A468-11E598776A49}"
EndProject
Project("{9A19103F-16F7-4668-BE54-9A1E7A4F7556}") = "KY.Generator.Csharp", "CSharp\KY.Generator.Csharp.csproj", "{D23DC658-3C95-4A73-BBC7-22A94E81AEE8}"
EndProject
Project("{9A19103F-16F7-4668-BE54-9A1E7A4F7556}") = "KY.Generator.TypeScript", "TypeScript\KY.Generator.TypeScript.csproj", "{51D247CC-BE96-461F-8848-F6B32461FABB}"
EndProject
Project("{9A19103F-16F7-4668-BE54-9A1E7A4F7556}") = "KY.Generator.Tsql", "Tsql\KY.Generator.Tsql.csproj", "{2D968283-996B-4619-8B10-D8086C2B2922}"
EndProject
Project("{9A19103F-16F7-4668-BE54-9A1E7A4F7556}") = "KY.Generator.OData", "OData\KY.Generator.OData.csproj", "{CDFA710C-3C87-4FFD-980B-69B80F6E8FE3}"
EndProject
Project("{9A19103F-16F7-4668-BE54-9A1E7A4F7556}") = "KY.Generator.Reflection", "Reflection\KY.Generator.Reflection.csproj", "{1CD25461-36BC-46A1-ABDD-F710179A641E}"
EndProject
Project("{FAE04EC0-301F-11D3-BF4B-00C04F79EFBC}") = "KY.Generator.CLI", "CLI\KY.Generator.CLI.csproj", "{29748168-4987-4914-9473-2A24C19BEF7B}"
EndProject
Project("{9A19103F-16F7-4668-BE54-9A1E7A4F7556}") = "KY.Generator.Angular", "Angular\KY.Generator.Angular.csproj", "{ECBEBF2B-470C-4F73-96C4-56518981BA50}"
EndProject
Project("{9A19103F-16F7-4668-BE54-9A1E7A4F7556}") = "KY.Generator.AspDotNet", "AspDotNet\KY.Generator.AspDotNet.csproj", "{5915BD99-7A27-4A49-B31D-0CB8A3E07795}"
EndProject
Project("{9A19103F-16F7-4668-BE54-9A1E7A4F7556}") = "KY.Generator.Common", "Common\KY.Generator.Common.csproj", "{8C35562D-FBCE-4588-AB3B-FCC6DEADEBAE}"
EndProject
Project("{9A19103F-16F7-4668-BE54-9A1E7A4F7556}") = "KY.Generator.Watchdog", "Watchdog\KY.Generator.Watchdog.csproj", "{3DE08FD4-D3C7-496F-A013-E543ACC67429}"
EndProject
Project("{9A19103F-16F7-4668-BE54-9A1E7A4F7556}") = "KY.Generator.Reflection.Tests", "Reflection.Tests\KY.Generator.Reflection.Tests.csproj", "{27A916DF-C3AF-4214-BEC0-7871A014C0EB}"
EndProject
Project("{9A19103F-16F7-4668-BE54-9A1E7A4F7556}") = "KY.Generator.OpenApi", "OpenApi\KY.Generator.OpenApi.csproj", "{F05EFD34-C3B0-4334-9739-925F67DAEB99}"
EndProject
Project("{9A19103F-16F7-4668-BE54-9A1E7A4F7556}") = "KY.Generator.Common.Tests", "Common.Tests\KY.Generator.Common.Tests.csproj", "{1CFB1E50-F250-448C-8ED5-144544D72638}"
EndProject
Project("{9A19103F-16F7-4668-BE54-9A1E7A4F7556}") = "KY.Generator.Json.Tests", "Json.Tests\KY.Generator.Json.Tests.csproj", "{FE25DBA7-CF52-437D-A3D3-1A1F4E42FB5B}"
EndProject
Project("{9A19103F-16F7-4668-BE54-9A1E7A4F7556}") = "KY.Generator.Csharp.Tests", "Csharp.Tests\KY.Generator.Csharp.Tests.csproj", "{AE66E49B-C77A-49E3-A0B3-8DC749D591F5}"
EndProject
Project("{9A19103F-16F7-4668-BE54-9A1E7A4F7556}") = "KY.Generator.TypeScript.Tests", "TypeScript.Tests\KY.Generator.TypeScript.Tests.csproj", "{19310650-3E9D-426C-A64E-0B75C7285DBC}"
EndProject
Project("{9A19103F-16F7-4668-BE54-9A1E7A4F7556}") = "KY.Generator.AspDotNet.Tests", "AspDotNet.Tests\KY.Generator.AspDotNet.Tests.csproj", "{CDF097B8-222D-4258-B762-0112F4A8BEF9}"
EndProject
Project("{9A19103F-16F7-4668-BE54-9A1E7A4F7556}") = "KY.Generator.OData.Tests", "OData.Tests\KY.Generator.OData.Tests.csproj", "{05FA2AAD-850A-4900-9069-3FEE2A0E4143}"
EndProject
Project("{9A19103F-16F7-4668-BE54-9A1E7A4F7556}") = "KY.Generator.Tsql.Tests", "Tsql.Tests\KY.Generator.Tsql.Tests.csproj", "{D98E8698-668A-4CD7-87A6-2B4168228CDD}"
EndProject
Project("{9A19103F-16F7-4668-BE54-9A1E7A4F7556}") = "KY.Generator.EntityFramework", "EntityFramework\KY.Generator.EntityFramework.csproj", "{D7639D2A-E750-4343-84E4-6C5FE1C3B197}"
EndProject
Project("{9A19103F-16F7-4668-BE54-9A1E7A4F7556}") = "KY.Generator.Angular.Tests", "Angular.Tests\KY.Generator.Angular.Tests.csproj", "{3DD71148-B830-44F3-A2AF-B06F8607D174}"
EndProject
Project("{9A19103F-16F7-4668-BE54-9A1E7A4F7556}") = "KY.Generator.Tests", "Tests\Generator\KY.Generator.Tests.csproj", "{CD7B6707-035E-481B-9BE6-0FDDB551B2E3}"
EndProject
Project("{FAE04EC0-301F-11D3-BF4B-00C04F79EFBC}") = "KY.Generator.Sqlite", "Sqlite\KY.Generator.Sqlite.csproj", "{E589EE23-7610-4914-8911-E857BBBDC2E9}"
EndProject
Project("{FAE04EC0-301F-11D3-BF4B-00C04F79EFBC}") = "KY.Generator.Sqlite.Tests", "Sqlite.Tests\KY.Generator.Sqlite.Tests.csproj", "{99F27276-68C3-4E7D-B6AF-F3364BA3F356}"
EndProject
Project("{FAE04EC0-301F-11D3-BF4B-00C04F79EFBC}") = "KY.Generator.Json", "Json\KY.Generator.Json.csproj", "{679F475D-226F-4A41-A9E1-2DBE4A419567}"
EndProject
Project("{FAE04EC0-301F-11D3-BF4B-00C04F79EFBC}") = "KY.Generator.Json.Generator", "Json.Generator\KY.Generator.Json.Generator.csproj", "{9971B95E-9A7A-4FF0-982F-A7F77572373C}"
EndProject
Project("{FAE04EC0-301F-11D3-BF4B-00C04F79EFBC}") = "KY.Generator.TypeScript.Generator", "TypeScript.Generator\KY.Generator.TypeScript.Generator.csproj", "{020847C4-C29E-4EDB-9567-6AC912FE9DCC}"
EndProject
Project("{FAE04EC0-301F-11D3-BF4B-00C04F79EFBC}") = "KY.Generator.Tsql.Generator", "Tsql.Generator\KY.Generator.Tsql.Generator.csproj", "{AA6518E9-3737-4258-8CCF-D65EAB21C905}"
EndProject
Project("{FAE04EC0-301F-11D3-BF4B-00C04F79EFBC}") = "KY.Generator.Sqlite.Generator", "Sqlite.Generator\KY.Generator.Sqlite.Generator.csproj", "{87B62D3E-939C-499A-AB71-5A7401DA324F}"
EndProject
Project("{FAE04EC0-301F-11D3-BF4B-00C04F79EFBC}") = "KY.Generator.Reflection.Generator", "Reflection.Generator\KY.Generator.Reflection.Generator.csproj", "{735F4783-0D75-40A5-A233-70C38E2B86A6}"
EndProject
Project("{FAE04EC0-301F-11D3-BF4B-00C04F79EFBC}") = "KY.Generator.OpenApi.Generator", "OpenApi.Generator\KY.Generator.OpenApi.Generator.csproj", "{6BB985BA-0960-4FE2-886B-B60FA51F72E0}"
EndProject
Project("{FAE04EC0-301F-11D3-BF4B-00C04F79EFBC}") = "KY.Generator.OData.Generator", "OData.Generator\KY.Generator.OData.Generator.csproj", "{5AD6F1E1-779E-4840-B213-CB0CC555571A}"
EndProject
Project("{FAE04EC0-301F-11D3-BF4B-00C04F79EFBC}") = "KY.Generator.EntityFramework.Generator", "EntityFramework.Generator\KY.Generator.EntityFramework.Generator.csproj", "{663F2844-FFB7-485E-8BE3-F765B2228B9D}"
EndProject
Project("{FAE04EC0-301F-11D3-BF4B-00C04F79EFBC}") = "KY.Generator.AspDotNet.Generator", "AspDotNet.Generator\KY.Generator.AspDotNet.Generator.csproj", "{70BFED13-598E-450B-A0E9-596ABD98B372}"
EndProject
Project("{FAE04EC0-301F-11D3-BF4B-00C04F79EFBC}") = "KY.Generator.Angular.Generator", "Angular.Generator\KY.Generator.Angular.Generator.csproj", "{D014AA5A-715B-47FB-ACC8-645CC4FD242F}"
EndProject
Project("{FAE04EC0-301F-11D3-BF4B-00C04F79EFBC}") = "KY.Generator.CSharp.Generator", "Csharp.Generator\KY.Generator.CSharp.Generator.csproj", "{5594973B-83EE-436C-B5FC-90ED68FDF0AA}"
EndProject
Project("{FAE04EC0-301F-11D3-BF4B-00C04F79EFBC}") = "KY.Generator.Common.Generator", "Common.Generator\KY.Generator.Common.Generator.csproj", "{1C34D522-175E-4444-86BF-208BC9D0A5E5}"
EndProject
Project("{FAE04EC0-301F-11D3-BF4B-00C04F79EFBC}") = "KY.Generator.Common.Fluent", "Common.Fluent\KY.Generator.Common.Fluent.csproj", "{FDEEAC7E-455D-45A5-A693-8288B5EA08A2}"
EndProject
Project("{FAE04EC0-301F-11D3-BF4B-00C04F79EFBC}") = "KY.Generator.Angular.Fluent", "Angular.Fluent\KY.Generator.Angular.Fluent.csproj", "{15F99E93-AA1D-45FA-A6D9-3B447ED6D45F}"
EndProject
Project("{FAE04EC0-301F-11D3-BF4B-00C04F79EFBC}") = "KY.Generator.AspDotNet.Fluent", "AspDotNet.Fluent\KY.Generator.AspDotNet.Fluent.csproj", "{E297A97B-C667-48D4-80E2-FCD9B6A26D7D}"
EndProject
Project("{FAE04EC0-301F-11D3-BF4B-00C04F79EFBC}") = "KY.Generator.Reflection.Fluent", "Reflection.Fluent\KY.Generator.Reflection.Fluent.csproj", "{18C6D00E-2B45-4FEC-822E-A0FEC543D5D5}"
EndProject
Project("{FAE04EC0-301F-11D3-BF4B-00C04F79EFBC}") = "KY.Generator.Sqlite.Fluent", "Sqlite.Fluent\KY.Generator.Sqlite.Fluent.csproj", "{5B561798-DB8A-4923-B730-66E7DAC7E139}"
EndProject
Project("{FAE04EC0-301F-11D3-BF4B-00C04F79EFBC}") = "KY.Generator.Tsql.Fluent", "Tsql.Fluent\KY.Generator.Tsql.Fluent.csproj", "{E12EADD5-F1F9-4CA5-BA38-DFF4795E7309}"
EndProject
Global
	GlobalSection(SolutionConfigurationPlatforms) = preSolution
		Debug|Any CPU = Debug|Any CPU
		Debug|x86 = Debug|x86
		Release|Any CPU = Release|Any CPU
		Release|x86 = Release|x86
	EndGlobalSection
	GlobalSection(ProjectConfigurationPlatforms) = postSolution
		{228EDC4F-4D60-4278-89FE-700FD299CF4D}.Debug|Any CPU.ActiveCfg = Debug|Any CPU
		{228EDC4F-4D60-4278-89FE-700FD299CF4D}.Debug|Any CPU.Build.0 = Debug|Any CPU
		{228EDC4F-4D60-4278-89FE-700FD299CF4D}.Debug|x86.ActiveCfg = Debug|x86
		{228EDC4F-4D60-4278-89FE-700FD299CF4D}.Debug|x86.Build.0 = Debug|x86
		{228EDC4F-4D60-4278-89FE-700FD299CF4D}.Release|Any CPU.ActiveCfg = Release|Any CPU
		{228EDC4F-4D60-4278-89FE-700FD299CF4D}.Release|Any CPU.Build.0 = Release|Any CPU
		{228EDC4F-4D60-4278-89FE-700FD299CF4D}.Release|x86.ActiveCfg = Release|x86
		{228EDC4F-4D60-4278-89FE-700FD299CF4D}.Release|x86.Build.0 = Release|x86
		{419A3F6A-A7F5-442A-A468-11E598776A49}.Debug|Any CPU.ActiveCfg = Debug|Any CPU
		{419A3F6A-A7F5-442A-A468-11E598776A49}.Debug|Any CPU.Build.0 = Debug|Any CPU
		{419A3F6A-A7F5-442A-A468-11E598776A49}.Debug|x86.ActiveCfg = Debug|Any CPU
		{419A3F6A-A7F5-442A-A468-11E598776A49}.Debug|x86.Build.0 = Debug|Any CPU
		{419A3F6A-A7F5-442A-A468-11E598776A49}.Release|Any CPU.ActiveCfg = Release|Any CPU
		{419A3F6A-A7F5-442A-A468-11E598776A49}.Release|Any CPU.Build.0 = Release|Any CPU
		{419A3F6A-A7F5-442A-A468-11E598776A49}.Release|x86.ActiveCfg = Release|Any CPU
		{419A3F6A-A7F5-442A-A468-11E598776A49}.Release|x86.Build.0 = Release|Any CPU
		{D23DC658-3C95-4A73-BBC7-22A94E81AEE8}.Debug|Any CPU.ActiveCfg = Debug|Any CPU
		{D23DC658-3C95-4A73-BBC7-22A94E81AEE8}.Debug|Any CPU.Build.0 = Debug|Any CPU
		{D23DC658-3C95-4A73-BBC7-22A94E81AEE8}.Debug|x86.ActiveCfg = Debug|Any CPU
		{D23DC658-3C95-4A73-BBC7-22A94E81AEE8}.Debug|x86.Build.0 = Debug|Any CPU
		{D23DC658-3C95-4A73-BBC7-22A94E81AEE8}.Release|Any CPU.ActiveCfg = Release|Any CPU
		{D23DC658-3C95-4A73-BBC7-22A94E81AEE8}.Release|Any CPU.Build.0 = Release|Any CPU
		{D23DC658-3C95-4A73-BBC7-22A94E81AEE8}.Release|x86.ActiveCfg = Release|Any CPU
		{D23DC658-3C95-4A73-BBC7-22A94E81AEE8}.Release|x86.Build.0 = Release|Any CPU
		{51D247CC-BE96-461F-8848-F6B32461FABB}.Debug|Any CPU.ActiveCfg = Debug|Any CPU
		{51D247CC-BE96-461F-8848-F6B32461FABB}.Debug|Any CPU.Build.0 = Debug|Any CPU
		{51D247CC-BE96-461F-8848-F6B32461FABB}.Debug|x86.ActiveCfg = Debug|Any CPU
		{51D247CC-BE96-461F-8848-F6B32461FABB}.Debug|x86.Build.0 = Debug|Any CPU
		{51D247CC-BE96-461F-8848-F6B32461FABB}.Release|Any CPU.ActiveCfg = Release|Any CPU
		{51D247CC-BE96-461F-8848-F6B32461FABB}.Release|Any CPU.Build.0 = Release|Any CPU
		{51D247CC-BE96-461F-8848-F6B32461FABB}.Release|x86.ActiveCfg = Release|Any CPU
		{51D247CC-BE96-461F-8848-F6B32461FABB}.Release|x86.Build.0 = Release|Any CPU
		{2D968283-996B-4619-8B10-D8086C2B2922}.Debug|Any CPU.ActiveCfg = Debug|Any CPU
		{2D968283-996B-4619-8B10-D8086C2B2922}.Debug|Any CPU.Build.0 = Debug|Any CPU
		{2D968283-996B-4619-8B10-D8086C2B2922}.Debug|x86.ActiveCfg = Debug|Any CPU
		{2D968283-996B-4619-8B10-D8086C2B2922}.Debug|x86.Build.0 = Debug|Any CPU
		{2D968283-996B-4619-8B10-D8086C2B2922}.Release|Any CPU.ActiveCfg = Release|Any CPU
		{2D968283-996B-4619-8B10-D8086C2B2922}.Release|Any CPU.Build.0 = Release|Any CPU
		{2D968283-996B-4619-8B10-D8086C2B2922}.Release|x86.ActiveCfg = Release|Any CPU
		{2D968283-996B-4619-8B10-D8086C2B2922}.Release|x86.Build.0 = Release|Any CPU
		{CDFA710C-3C87-4FFD-980B-69B80F6E8FE3}.Debug|Any CPU.ActiveCfg = Debug|Any CPU
		{CDFA710C-3C87-4FFD-980B-69B80F6E8FE3}.Debug|Any CPU.Build.0 = Debug|Any CPU
		{CDFA710C-3C87-4FFD-980B-69B80F6E8FE3}.Debug|x86.ActiveCfg = Debug|Any CPU
		{CDFA710C-3C87-4FFD-980B-69B80F6E8FE3}.Debug|x86.Build.0 = Debug|Any CPU
		{CDFA710C-3C87-4FFD-980B-69B80F6E8FE3}.Release|Any CPU.ActiveCfg = Release|Any CPU
		{CDFA710C-3C87-4FFD-980B-69B80F6E8FE3}.Release|Any CPU.Build.0 = Release|Any CPU
		{CDFA710C-3C87-4FFD-980B-69B80F6E8FE3}.Release|x86.ActiveCfg = Release|Any CPU
		{CDFA710C-3C87-4FFD-980B-69B80F6E8FE3}.Release|x86.Build.0 = Release|Any CPU
		{1CD25461-36BC-46A1-ABDD-F710179A641E}.Debug|Any CPU.ActiveCfg = Debug|Any CPU
		{1CD25461-36BC-46A1-ABDD-F710179A641E}.Debug|Any CPU.Build.0 = Debug|Any CPU
		{1CD25461-36BC-46A1-ABDD-F710179A641E}.Debug|x86.ActiveCfg = Debug|Any CPU
		{1CD25461-36BC-46A1-ABDD-F710179A641E}.Debug|x86.Build.0 = Debug|Any CPU
		{1CD25461-36BC-46A1-ABDD-F710179A641E}.Release|Any CPU.ActiveCfg = Release|Any CPU
		{1CD25461-36BC-46A1-ABDD-F710179A641E}.Release|Any CPU.Build.0 = Release|Any CPU
		{1CD25461-36BC-46A1-ABDD-F710179A641E}.Release|x86.ActiveCfg = Release|Any CPU
		{1CD25461-36BC-46A1-ABDD-F710179A641E}.Release|x86.Build.0 = Release|Any CPU
		{29748168-4987-4914-9473-2A24C19BEF7B}.Debug|Any CPU.ActiveCfg = Debug|Any CPU
		{29748168-4987-4914-9473-2A24C19BEF7B}.Debug|Any CPU.Build.0 = Debug|Any CPU
		{29748168-4987-4914-9473-2A24C19BEF7B}.Debug|x86.ActiveCfg = Debug|Any CPU
		{29748168-4987-4914-9473-2A24C19BEF7B}.Debug|x86.Build.0 = Debug|Any CPU
		{29748168-4987-4914-9473-2A24C19BEF7B}.Release|Any CPU.ActiveCfg = Release|Any CPU
		{29748168-4987-4914-9473-2A24C19BEF7B}.Release|Any CPU.Build.0 = Release|Any CPU
		{29748168-4987-4914-9473-2A24C19BEF7B}.Release|x86.ActiveCfg = Release|Any CPU
		{29748168-4987-4914-9473-2A24C19BEF7B}.Release|x86.Build.0 = Release|Any CPU
		{ECBEBF2B-470C-4F73-96C4-56518981BA50}.Debug|Any CPU.ActiveCfg = Debug|Any CPU
		{ECBEBF2B-470C-4F73-96C4-56518981BA50}.Debug|Any CPU.Build.0 = Debug|Any CPU
		{ECBEBF2B-470C-4F73-96C4-56518981BA50}.Debug|x86.ActiveCfg = Debug|Any CPU
		{ECBEBF2B-470C-4F73-96C4-56518981BA50}.Debug|x86.Build.0 = Debug|Any CPU
		{ECBEBF2B-470C-4F73-96C4-56518981BA50}.Release|Any CPU.ActiveCfg = Release|Any CPU
		{ECBEBF2B-470C-4F73-96C4-56518981BA50}.Release|Any CPU.Build.0 = Release|Any CPU
		{ECBEBF2B-470C-4F73-96C4-56518981BA50}.Release|x86.ActiveCfg = Release|Any CPU
		{ECBEBF2B-470C-4F73-96C4-56518981BA50}.Release|x86.Build.0 = Release|Any CPU
		{5915BD99-7A27-4A49-B31D-0CB8A3E07795}.Debug|Any CPU.ActiveCfg = Debug|Any CPU
		{5915BD99-7A27-4A49-B31D-0CB8A3E07795}.Debug|Any CPU.Build.0 = Debug|Any CPU
		{5915BD99-7A27-4A49-B31D-0CB8A3E07795}.Debug|x86.ActiveCfg = Debug|Any CPU
		{5915BD99-7A27-4A49-B31D-0CB8A3E07795}.Debug|x86.Build.0 = Debug|Any CPU
		{5915BD99-7A27-4A49-B31D-0CB8A3E07795}.Release|Any CPU.ActiveCfg = Release|Any CPU
		{5915BD99-7A27-4A49-B31D-0CB8A3E07795}.Release|Any CPU.Build.0 = Release|Any CPU
		{5915BD99-7A27-4A49-B31D-0CB8A3E07795}.Release|x86.ActiveCfg = Release|Any CPU
		{5915BD99-7A27-4A49-B31D-0CB8A3E07795}.Release|x86.Build.0 = Release|Any CPU
		{8C35562D-FBCE-4588-AB3B-FCC6DEADEBAE}.Debug|Any CPU.ActiveCfg = Debug|Any CPU
		{8C35562D-FBCE-4588-AB3B-FCC6DEADEBAE}.Debug|Any CPU.Build.0 = Debug|Any CPU
		{8C35562D-FBCE-4588-AB3B-FCC6DEADEBAE}.Debug|x86.ActiveCfg = Debug|Any CPU
		{8C35562D-FBCE-4588-AB3B-FCC6DEADEBAE}.Debug|x86.Build.0 = Debug|Any CPU
		{8C35562D-FBCE-4588-AB3B-FCC6DEADEBAE}.Release|Any CPU.ActiveCfg = Release|Any CPU
		{8C35562D-FBCE-4588-AB3B-FCC6DEADEBAE}.Release|Any CPU.Build.0 = Release|Any CPU
		{8C35562D-FBCE-4588-AB3B-FCC6DEADEBAE}.Release|x86.ActiveCfg = Release|Any CPU
		{8C35562D-FBCE-4588-AB3B-FCC6DEADEBAE}.Release|x86.Build.0 = Release|Any CPU
		{3DE08FD4-D3C7-496F-A013-E543ACC67429}.Debug|Any CPU.ActiveCfg = Debug|Any CPU
		{3DE08FD4-D3C7-496F-A013-E543ACC67429}.Debug|Any CPU.Build.0 = Debug|Any CPU
		{3DE08FD4-D3C7-496F-A013-E543ACC67429}.Debug|x86.ActiveCfg = Debug|Any CPU
		{3DE08FD4-D3C7-496F-A013-E543ACC67429}.Debug|x86.Build.0 = Debug|Any CPU
		{3DE08FD4-D3C7-496F-A013-E543ACC67429}.Release|Any CPU.ActiveCfg = Release|Any CPU
		{3DE08FD4-D3C7-496F-A013-E543ACC67429}.Release|Any CPU.Build.0 = Release|Any CPU
		{3DE08FD4-D3C7-496F-A013-E543ACC67429}.Release|x86.ActiveCfg = Release|Any CPU
		{3DE08FD4-D3C7-496F-A013-E543ACC67429}.Release|x86.Build.0 = Release|Any CPU
		{27A916DF-C3AF-4214-BEC0-7871A014C0EB}.Debug|Any CPU.ActiveCfg = Debug|Any CPU
		{27A916DF-C3AF-4214-BEC0-7871A014C0EB}.Debug|Any CPU.Build.0 = Debug|Any CPU
		{27A916DF-C3AF-4214-BEC0-7871A014C0EB}.Debug|x86.ActiveCfg = Debug|Any CPU
		{27A916DF-C3AF-4214-BEC0-7871A014C0EB}.Debug|x86.Build.0 = Debug|Any CPU
		{27A916DF-C3AF-4214-BEC0-7871A014C0EB}.Release|Any CPU.ActiveCfg = Release|Any CPU
		{27A916DF-C3AF-4214-BEC0-7871A014C0EB}.Release|Any CPU.Build.0 = Release|Any CPU
		{27A916DF-C3AF-4214-BEC0-7871A014C0EB}.Release|x86.ActiveCfg = Release|Any CPU
		{27A916DF-C3AF-4214-BEC0-7871A014C0EB}.Release|x86.Build.0 = Release|Any CPU
		{F05EFD34-C3B0-4334-9739-925F67DAEB99}.Debug|Any CPU.ActiveCfg = Debug|Any CPU
		{F05EFD34-C3B0-4334-9739-925F67DAEB99}.Debug|Any CPU.Build.0 = Debug|Any CPU
		{F05EFD34-C3B0-4334-9739-925F67DAEB99}.Debug|x86.ActiveCfg = Debug|Any CPU
		{F05EFD34-C3B0-4334-9739-925F67DAEB99}.Debug|x86.Build.0 = Debug|Any CPU
		{F05EFD34-C3B0-4334-9739-925F67DAEB99}.Release|Any CPU.ActiveCfg = Release|Any CPU
		{F05EFD34-C3B0-4334-9739-925F67DAEB99}.Release|Any CPU.Build.0 = Release|Any CPU
		{F05EFD34-C3B0-4334-9739-925F67DAEB99}.Release|x86.ActiveCfg = Release|Any CPU
		{F05EFD34-C3B0-4334-9739-925F67DAEB99}.Release|x86.Build.0 = Release|Any CPU
		{1CFB1E50-F250-448C-8ED5-144544D72638}.Debug|Any CPU.ActiveCfg = Debug|Any CPU
		{1CFB1E50-F250-448C-8ED5-144544D72638}.Debug|Any CPU.Build.0 = Debug|Any CPU
		{1CFB1E50-F250-448C-8ED5-144544D72638}.Debug|x86.ActiveCfg = Debug|Any CPU
		{1CFB1E50-F250-448C-8ED5-144544D72638}.Debug|x86.Build.0 = Debug|Any CPU
		{1CFB1E50-F250-448C-8ED5-144544D72638}.Release|Any CPU.ActiveCfg = Release|Any CPU
		{1CFB1E50-F250-448C-8ED5-144544D72638}.Release|Any CPU.Build.0 = Release|Any CPU
		{1CFB1E50-F250-448C-8ED5-144544D72638}.Release|x86.ActiveCfg = Release|Any CPU
		{1CFB1E50-F250-448C-8ED5-144544D72638}.Release|x86.Build.0 = Release|Any CPU
		{FE25DBA7-CF52-437D-A3D3-1A1F4E42FB5B}.Debug|Any CPU.ActiveCfg = Debug|Any CPU
		{FE25DBA7-CF52-437D-A3D3-1A1F4E42FB5B}.Debug|Any CPU.Build.0 = Debug|Any CPU
		{FE25DBA7-CF52-437D-A3D3-1A1F4E42FB5B}.Debug|x86.ActiveCfg = Debug|Any CPU
		{FE25DBA7-CF52-437D-A3D3-1A1F4E42FB5B}.Debug|x86.Build.0 = Debug|Any CPU
		{FE25DBA7-CF52-437D-A3D3-1A1F4E42FB5B}.Release|Any CPU.ActiveCfg = Release|Any CPU
		{FE25DBA7-CF52-437D-A3D3-1A1F4E42FB5B}.Release|Any CPU.Build.0 = Release|Any CPU
		{FE25DBA7-CF52-437D-A3D3-1A1F4E42FB5B}.Release|x86.ActiveCfg = Release|Any CPU
		{FE25DBA7-CF52-437D-A3D3-1A1F4E42FB5B}.Release|x86.Build.0 = Release|Any CPU
		{AE66E49B-C77A-49E3-A0B3-8DC749D591F5}.Debug|Any CPU.ActiveCfg = Debug|Any CPU
		{AE66E49B-C77A-49E3-A0B3-8DC749D591F5}.Debug|Any CPU.Build.0 = Debug|Any CPU
		{AE66E49B-C77A-49E3-A0B3-8DC749D591F5}.Debug|x86.ActiveCfg = Debug|Any CPU
		{AE66E49B-C77A-49E3-A0B3-8DC749D591F5}.Debug|x86.Build.0 = Debug|Any CPU
		{AE66E49B-C77A-49E3-A0B3-8DC749D591F5}.Release|Any CPU.ActiveCfg = Release|Any CPU
		{AE66E49B-C77A-49E3-A0B3-8DC749D591F5}.Release|Any CPU.Build.0 = Release|Any CPU
		{AE66E49B-C77A-49E3-A0B3-8DC749D591F5}.Release|x86.ActiveCfg = Release|Any CPU
		{AE66E49B-C77A-49E3-A0B3-8DC749D591F5}.Release|x86.Build.0 = Release|Any CPU
		{19310650-3E9D-426C-A64E-0B75C7285DBC}.Debug|Any CPU.ActiveCfg = Debug|Any CPU
		{19310650-3E9D-426C-A64E-0B75C7285DBC}.Debug|Any CPU.Build.0 = Debug|Any CPU
		{19310650-3E9D-426C-A64E-0B75C7285DBC}.Debug|x86.ActiveCfg = Debug|Any CPU
		{19310650-3E9D-426C-A64E-0B75C7285DBC}.Debug|x86.Build.0 = Debug|Any CPU
		{19310650-3E9D-426C-A64E-0B75C7285DBC}.Release|Any CPU.ActiveCfg = Release|Any CPU
		{19310650-3E9D-426C-A64E-0B75C7285DBC}.Release|Any CPU.Build.0 = Release|Any CPU
		{19310650-3E9D-426C-A64E-0B75C7285DBC}.Release|x86.ActiveCfg = Release|Any CPU
		{19310650-3E9D-426C-A64E-0B75C7285DBC}.Release|x86.Build.0 = Release|Any CPU
		{CDF097B8-222D-4258-B762-0112F4A8BEF9}.Debug|Any CPU.ActiveCfg = Debug|Any CPU
		{CDF097B8-222D-4258-B762-0112F4A8BEF9}.Debug|Any CPU.Build.0 = Debug|Any CPU
		{CDF097B8-222D-4258-B762-0112F4A8BEF9}.Debug|x86.ActiveCfg = Debug|Any CPU
		{CDF097B8-222D-4258-B762-0112F4A8BEF9}.Debug|x86.Build.0 = Debug|Any CPU
		{CDF097B8-222D-4258-B762-0112F4A8BEF9}.Release|Any CPU.ActiveCfg = Release|Any CPU
		{CDF097B8-222D-4258-B762-0112F4A8BEF9}.Release|Any CPU.Build.0 = Release|Any CPU
		{CDF097B8-222D-4258-B762-0112F4A8BEF9}.Release|x86.ActiveCfg = Release|Any CPU
		{CDF097B8-222D-4258-B762-0112F4A8BEF9}.Release|x86.Build.0 = Release|Any CPU
		{05FA2AAD-850A-4900-9069-3FEE2A0E4143}.Debug|Any CPU.ActiveCfg = Debug|Any CPU
		{05FA2AAD-850A-4900-9069-3FEE2A0E4143}.Debug|Any CPU.Build.0 = Debug|Any CPU
		{05FA2AAD-850A-4900-9069-3FEE2A0E4143}.Debug|x86.ActiveCfg = Debug|Any CPU
		{05FA2AAD-850A-4900-9069-3FEE2A0E4143}.Debug|x86.Build.0 = Debug|Any CPU
		{05FA2AAD-850A-4900-9069-3FEE2A0E4143}.Release|Any CPU.ActiveCfg = Release|Any CPU
		{05FA2AAD-850A-4900-9069-3FEE2A0E4143}.Release|Any CPU.Build.0 = Release|Any CPU
		{05FA2AAD-850A-4900-9069-3FEE2A0E4143}.Release|x86.ActiveCfg = Release|Any CPU
		{05FA2AAD-850A-4900-9069-3FEE2A0E4143}.Release|x86.Build.0 = Release|Any CPU
		{D98E8698-668A-4CD7-87A6-2B4168228CDD}.Debug|Any CPU.ActiveCfg = Debug|Any CPU
		{D98E8698-668A-4CD7-87A6-2B4168228CDD}.Debug|Any CPU.Build.0 = Debug|Any CPU
		{D98E8698-668A-4CD7-87A6-2B4168228CDD}.Debug|x86.ActiveCfg = Debug|Any CPU
		{D98E8698-668A-4CD7-87A6-2B4168228CDD}.Debug|x86.Build.0 = Debug|Any CPU
		{D98E8698-668A-4CD7-87A6-2B4168228CDD}.Release|Any CPU.ActiveCfg = Release|Any CPU
		{D98E8698-668A-4CD7-87A6-2B4168228CDD}.Release|Any CPU.Build.0 = Release|Any CPU
		{D98E8698-668A-4CD7-87A6-2B4168228CDD}.Release|x86.ActiveCfg = Release|Any CPU
		{D98E8698-668A-4CD7-87A6-2B4168228CDD}.Release|x86.Build.0 = Release|Any CPU
		{D7639D2A-E750-4343-84E4-6C5FE1C3B197}.Debug|Any CPU.ActiveCfg = Debug|Any CPU
		{D7639D2A-E750-4343-84E4-6C5FE1C3B197}.Debug|Any CPU.Build.0 = Debug|Any CPU
		{D7639D2A-E750-4343-84E4-6C5FE1C3B197}.Debug|x86.ActiveCfg = Debug|Any CPU
		{D7639D2A-E750-4343-84E4-6C5FE1C3B197}.Debug|x86.Build.0 = Debug|Any CPU
		{D7639D2A-E750-4343-84E4-6C5FE1C3B197}.Release|Any CPU.ActiveCfg = Release|Any CPU
		{D7639D2A-E750-4343-84E4-6C5FE1C3B197}.Release|Any CPU.Build.0 = Release|Any CPU
		{D7639D2A-E750-4343-84E4-6C5FE1C3B197}.Release|x86.ActiveCfg = Release|Any CPU
		{D7639D2A-E750-4343-84E4-6C5FE1C3B197}.Release|x86.Build.0 = Release|Any CPU
		{3DD71148-B830-44F3-A2AF-B06F8607D174}.Debug|Any CPU.ActiveCfg = Debug|Any CPU
		{3DD71148-B830-44F3-A2AF-B06F8607D174}.Debug|Any CPU.Build.0 = Debug|Any CPU
		{3DD71148-B830-44F3-A2AF-B06F8607D174}.Debug|x86.ActiveCfg = Debug|Any CPU
		{3DD71148-B830-44F3-A2AF-B06F8607D174}.Debug|x86.Build.0 = Debug|Any CPU
		{3DD71148-B830-44F3-A2AF-B06F8607D174}.Release|Any CPU.ActiveCfg = Release|Any CPU
		{3DD71148-B830-44F3-A2AF-B06F8607D174}.Release|Any CPU.Build.0 = Release|Any CPU
		{3DD71148-B830-44F3-A2AF-B06F8607D174}.Release|x86.ActiveCfg = Release|Any CPU
		{3DD71148-B830-44F3-A2AF-B06F8607D174}.Release|x86.Build.0 = Release|Any CPU
		{CD7B6707-035E-481B-9BE6-0FDDB551B2E3}.Debug|Any CPU.ActiveCfg = Debug|Any CPU
		{CD7B6707-035E-481B-9BE6-0FDDB551B2E3}.Debug|Any CPU.Build.0 = Debug|Any CPU
		{CD7B6707-035E-481B-9BE6-0FDDB551B2E3}.Debug|x86.ActiveCfg = Debug|Any CPU
		{CD7B6707-035E-481B-9BE6-0FDDB551B2E3}.Debug|x86.Build.0 = Debug|Any CPU
		{CD7B6707-035E-481B-9BE6-0FDDB551B2E3}.Release|Any CPU.ActiveCfg = Release|Any CPU
		{CD7B6707-035E-481B-9BE6-0FDDB551B2E3}.Release|Any CPU.Build.0 = Release|Any CPU
		{CD7B6707-035E-481B-9BE6-0FDDB551B2E3}.Release|x86.ActiveCfg = Release|Any CPU
		{CD7B6707-035E-481B-9BE6-0FDDB551B2E3}.Release|x86.Build.0 = Release|Any CPU
		{E589EE23-7610-4914-8911-E857BBBDC2E9}.Debug|Any CPU.ActiveCfg = Debug|Any CPU
		{E589EE23-7610-4914-8911-E857BBBDC2E9}.Debug|Any CPU.Build.0 = Debug|Any CPU
		{E589EE23-7610-4914-8911-E857BBBDC2E9}.Debug|x86.ActiveCfg = Debug|Any CPU
		{E589EE23-7610-4914-8911-E857BBBDC2E9}.Debug|x86.Build.0 = Debug|Any CPU
		{E589EE23-7610-4914-8911-E857BBBDC2E9}.Release|Any CPU.ActiveCfg = Release|Any CPU
		{E589EE23-7610-4914-8911-E857BBBDC2E9}.Release|Any CPU.Build.0 = Release|Any CPU
		{E589EE23-7610-4914-8911-E857BBBDC2E9}.Release|x86.ActiveCfg = Release|Any CPU
		{E589EE23-7610-4914-8911-E857BBBDC2E9}.Release|x86.Build.0 = Release|Any CPU
		{99F27276-68C3-4E7D-B6AF-F3364BA3F356}.Debug|Any CPU.ActiveCfg = Debug|Any CPU
		{99F27276-68C3-4E7D-B6AF-F3364BA3F356}.Debug|Any CPU.Build.0 = Debug|Any CPU
		{99F27276-68C3-4E7D-B6AF-F3364BA3F356}.Debug|x86.ActiveCfg = Debug|Any CPU
		{99F27276-68C3-4E7D-B6AF-F3364BA3F356}.Debug|x86.Build.0 = Debug|Any CPU
		{99F27276-68C3-4E7D-B6AF-F3364BA3F356}.Release|Any CPU.ActiveCfg = Release|Any CPU
		{99F27276-68C3-4E7D-B6AF-F3364BA3F356}.Release|Any CPU.Build.0 = Release|Any CPU
		{99F27276-68C3-4E7D-B6AF-F3364BA3F356}.Release|x86.ActiveCfg = Release|Any CPU
		{99F27276-68C3-4E7D-B6AF-F3364BA3F356}.Release|x86.Build.0 = Release|Any CPU
		{679F475D-226F-4A41-A9E1-2DBE4A419567}.Debug|Any CPU.ActiveCfg = Debug|Any CPU
		{679F475D-226F-4A41-A9E1-2DBE4A419567}.Debug|Any CPU.Build.0 = Debug|Any CPU
		{679F475D-226F-4A41-A9E1-2DBE4A419567}.Debug|x86.ActiveCfg = Debug|Any CPU
		{679F475D-226F-4A41-A9E1-2DBE4A419567}.Debug|x86.Build.0 = Debug|Any CPU
		{679F475D-226F-4A41-A9E1-2DBE4A419567}.Release|Any CPU.ActiveCfg = Release|Any CPU
		{679F475D-226F-4A41-A9E1-2DBE4A419567}.Release|Any CPU.Build.0 = Release|Any CPU
		{679F475D-226F-4A41-A9E1-2DBE4A419567}.Release|x86.ActiveCfg = Release|Any CPU
		{679F475D-226F-4A41-A9E1-2DBE4A419567}.Release|x86.Build.0 = Release|Any CPU
		{9971B95E-9A7A-4FF0-982F-A7F77572373C}.Debug|Any CPU.ActiveCfg = Debug|Any CPU
		{9971B95E-9A7A-4FF0-982F-A7F77572373C}.Debug|Any CPU.Build.0 = Debug|Any CPU
		{9971B95E-9A7A-4FF0-982F-A7F77572373C}.Debug|x86.ActiveCfg = Debug|Any CPU
		{9971B95E-9A7A-4FF0-982F-A7F77572373C}.Debug|x86.Build.0 = Debug|Any CPU
		{9971B95E-9A7A-4FF0-982F-A7F77572373C}.Release|Any CPU.ActiveCfg = Release|Any CPU
		{9971B95E-9A7A-4FF0-982F-A7F77572373C}.Release|Any CPU.Build.0 = Release|Any CPU
		{9971B95E-9A7A-4FF0-982F-A7F77572373C}.Release|x86.ActiveCfg = Release|Any CPU
		{9971B95E-9A7A-4FF0-982F-A7F77572373C}.Release|x86.Build.0 = Release|Any CPU
		{020847C4-C29E-4EDB-9567-6AC912FE9DCC}.Debug|Any CPU.ActiveCfg = Debug|Any CPU
		{020847C4-C29E-4EDB-9567-6AC912FE9DCC}.Debug|Any CPU.Build.0 = Debug|Any CPU
		{020847C4-C29E-4EDB-9567-6AC912FE9DCC}.Debug|x86.ActiveCfg = Debug|Any CPU
		{020847C4-C29E-4EDB-9567-6AC912FE9DCC}.Debug|x86.Build.0 = Debug|Any CPU
		{020847C4-C29E-4EDB-9567-6AC912FE9DCC}.Release|Any CPU.ActiveCfg = Release|Any CPU
		{020847C4-C29E-4EDB-9567-6AC912FE9DCC}.Release|Any CPU.Build.0 = Release|Any CPU
		{020847C4-C29E-4EDB-9567-6AC912FE9DCC}.Release|x86.ActiveCfg = Release|Any CPU
		{020847C4-C29E-4EDB-9567-6AC912FE9DCC}.Release|x86.Build.0 = Release|Any CPU
		{AA6518E9-3737-4258-8CCF-D65EAB21C905}.Debug|Any CPU.ActiveCfg = Debug|Any CPU
		{AA6518E9-3737-4258-8CCF-D65EAB21C905}.Debug|Any CPU.Build.0 = Debug|Any CPU
		{AA6518E9-3737-4258-8CCF-D65EAB21C905}.Debug|x86.ActiveCfg = Debug|Any CPU
		{AA6518E9-3737-4258-8CCF-D65EAB21C905}.Debug|x86.Build.0 = Debug|Any CPU
		{AA6518E9-3737-4258-8CCF-D65EAB21C905}.Release|Any CPU.ActiveCfg = Release|Any CPU
		{AA6518E9-3737-4258-8CCF-D65EAB21C905}.Release|Any CPU.Build.0 = Release|Any CPU
		{AA6518E9-3737-4258-8CCF-D65EAB21C905}.Release|x86.ActiveCfg = Release|Any CPU
		{AA6518E9-3737-4258-8CCF-D65EAB21C905}.Release|x86.Build.0 = Release|Any CPU
		{87B62D3E-939C-499A-AB71-5A7401DA324F}.Debug|Any CPU.ActiveCfg = Debug|Any CPU
		{87B62D3E-939C-499A-AB71-5A7401DA324F}.Debug|Any CPU.Build.0 = Debug|Any CPU
		{87B62D3E-939C-499A-AB71-5A7401DA324F}.Debug|x86.ActiveCfg = Debug|Any CPU
		{87B62D3E-939C-499A-AB71-5A7401DA324F}.Debug|x86.Build.0 = Debug|Any CPU
		{87B62D3E-939C-499A-AB71-5A7401DA324F}.Release|Any CPU.ActiveCfg = Release|Any CPU
		{87B62D3E-939C-499A-AB71-5A7401DA324F}.Release|Any CPU.Build.0 = Release|Any CPU
		{87B62D3E-939C-499A-AB71-5A7401DA324F}.Release|x86.ActiveCfg = Release|Any CPU
		{87B62D3E-939C-499A-AB71-5A7401DA324F}.Release|x86.Build.0 = Release|Any CPU
		{735F4783-0D75-40A5-A233-70C38E2B86A6}.Debug|Any CPU.ActiveCfg = Debug|Any CPU
		{735F4783-0D75-40A5-A233-70C38E2B86A6}.Debug|Any CPU.Build.0 = Debug|Any CPU
		{735F4783-0D75-40A5-A233-70C38E2B86A6}.Debug|x86.ActiveCfg = Debug|Any CPU
		{735F4783-0D75-40A5-A233-70C38E2B86A6}.Debug|x86.Build.0 = Debug|Any CPU
		{735F4783-0D75-40A5-A233-70C38E2B86A6}.Release|Any CPU.ActiveCfg = Release|Any CPU
		{735F4783-0D75-40A5-A233-70C38E2B86A6}.Release|Any CPU.Build.0 = Release|Any CPU
		{735F4783-0D75-40A5-A233-70C38E2B86A6}.Release|x86.ActiveCfg = Release|Any CPU
		{735F4783-0D75-40A5-A233-70C38E2B86A6}.Release|x86.Build.0 = Release|Any CPU
		{6BB985BA-0960-4FE2-886B-B60FA51F72E0}.Debug|Any CPU.ActiveCfg = Debug|Any CPU
		{6BB985BA-0960-4FE2-886B-B60FA51F72E0}.Debug|Any CPU.Build.0 = Debug|Any CPU
		{6BB985BA-0960-4FE2-886B-B60FA51F72E0}.Debug|x86.ActiveCfg = Debug|Any CPU
		{6BB985BA-0960-4FE2-886B-B60FA51F72E0}.Debug|x86.Build.0 = Debug|Any CPU
		{6BB985BA-0960-4FE2-886B-B60FA51F72E0}.Release|Any CPU.ActiveCfg = Release|Any CPU
		{6BB985BA-0960-4FE2-886B-B60FA51F72E0}.Release|Any CPU.Build.0 = Release|Any CPU
		{6BB985BA-0960-4FE2-886B-B60FA51F72E0}.Release|x86.ActiveCfg = Release|Any CPU
		{6BB985BA-0960-4FE2-886B-B60FA51F72E0}.Release|x86.Build.0 = Release|Any CPU
		{5AD6F1E1-779E-4840-B213-CB0CC555571A}.Debug|Any CPU.ActiveCfg = Debug|Any CPU
		{5AD6F1E1-779E-4840-B213-CB0CC555571A}.Debug|Any CPU.Build.0 = Debug|Any CPU
		{5AD6F1E1-779E-4840-B213-CB0CC555571A}.Debug|x86.ActiveCfg = Debug|Any CPU
		{5AD6F1E1-779E-4840-B213-CB0CC555571A}.Debug|x86.Build.0 = Debug|Any CPU
		{5AD6F1E1-779E-4840-B213-CB0CC555571A}.Release|Any CPU.ActiveCfg = Release|Any CPU
		{5AD6F1E1-779E-4840-B213-CB0CC555571A}.Release|Any CPU.Build.0 = Release|Any CPU
		{5AD6F1E1-779E-4840-B213-CB0CC555571A}.Release|x86.ActiveCfg = Release|Any CPU
		{5AD6F1E1-779E-4840-B213-CB0CC555571A}.Release|x86.Build.0 = Release|Any CPU
		{663F2844-FFB7-485E-8BE3-F765B2228B9D}.Debug|Any CPU.ActiveCfg = Debug|Any CPU
		{663F2844-FFB7-485E-8BE3-F765B2228B9D}.Debug|Any CPU.Build.0 = Debug|Any CPU
		{663F2844-FFB7-485E-8BE3-F765B2228B9D}.Debug|x86.ActiveCfg = Debug|Any CPU
		{663F2844-FFB7-485E-8BE3-F765B2228B9D}.Debug|x86.Build.0 = Debug|Any CPU
		{663F2844-FFB7-485E-8BE3-F765B2228B9D}.Release|Any CPU.ActiveCfg = Release|Any CPU
		{663F2844-FFB7-485E-8BE3-F765B2228B9D}.Release|Any CPU.Build.0 = Release|Any CPU
		{663F2844-FFB7-485E-8BE3-F765B2228B9D}.Release|x86.ActiveCfg = Release|Any CPU
		{663F2844-FFB7-485E-8BE3-F765B2228B9D}.Release|x86.Build.0 = Release|Any CPU
		{70BFED13-598E-450B-A0E9-596ABD98B372}.Debug|Any CPU.ActiveCfg = Debug|Any CPU
		{70BFED13-598E-450B-A0E9-596ABD98B372}.Debug|Any CPU.Build.0 = Debug|Any CPU
		{70BFED13-598E-450B-A0E9-596ABD98B372}.Debug|x86.ActiveCfg = Debug|Any CPU
		{70BFED13-598E-450B-A0E9-596ABD98B372}.Debug|x86.Build.0 = Debug|Any CPU
		{70BFED13-598E-450B-A0E9-596ABD98B372}.Release|Any CPU.ActiveCfg = Release|Any CPU
		{70BFED13-598E-450B-A0E9-596ABD98B372}.Release|Any CPU.Build.0 = Release|Any CPU
		{70BFED13-598E-450B-A0E9-596ABD98B372}.Release|x86.ActiveCfg = Release|Any CPU
		{70BFED13-598E-450B-A0E9-596ABD98B372}.Release|x86.Build.0 = Release|Any CPU
		{D014AA5A-715B-47FB-ACC8-645CC4FD242F}.Debug|Any CPU.ActiveCfg = Debug|Any CPU
		{D014AA5A-715B-47FB-ACC8-645CC4FD242F}.Debug|Any CPU.Build.0 = Debug|Any CPU
		{D014AA5A-715B-47FB-ACC8-645CC4FD242F}.Debug|x86.ActiveCfg = Debug|Any CPU
		{D014AA5A-715B-47FB-ACC8-645CC4FD242F}.Debug|x86.Build.0 = Debug|Any CPU
		{D014AA5A-715B-47FB-ACC8-645CC4FD242F}.Release|Any CPU.ActiveCfg = Release|Any CPU
		{D014AA5A-715B-47FB-ACC8-645CC4FD242F}.Release|Any CPU.Build.0 = Release|Any CPU
		{D014AA5A-715B-47FB-ACC8-645CC4FD242F}.Release|x86.ActiveCfg = Release|Any CPU
		{D014AA5A-715B-47FB-ACC8-645CC4FD242F}.Release|x86.Build.0 = Release|Any CPU
		{5594973B-83EE-436C-B5FC-90ED68FDF0AA}.Debug|Any CPU.ActiveCfg = Debug|Any CPU
		{5594973B-83EE-436C-B5FC-90ED68FDF0AA}.Debug|Any CPU.Build.0 = Debug|Any CPU
		{5594973B-83EE-436C-B5FC-90ED68FDF0AA}.Debug|x86.ActiveCfg = Debug|Any CPU
		{5594973B-83EE-436C-B5FC-90ED68FDF0AA}.Debug|x86.Build.0 = Debug|Any CPU
		{5594973B-83EE-436C-B5FC-90ED68FDF0AA}.Release|Any CPU.ActiveCfg = Release|Any CPU
		{5594973B-83EE-436C-B5FC-90ED68FDF0AA}.Release|Any CPU.Build.0 = Release|Any CPU
		{5594973B-83EE-436C-B5FC-90ED68FDF0AA}.Release|x86.ActiveCfg = Release|Any CPU
		{5594973B-83EE-436C-B5FC-90ED68FDF0AA}.Release|x86.Build.0 = Release|Any CPU
		{1C34D522-175E-4444-86BF-208BC9D0A5E5}.Debug|Any CPU.ActiveCfg = Debug|Any CPU
		{1C34D522-175E-4444-86BF-208BC9D0A5E5}.Debug|Any CPU.Build.0 = Debug|Any CPU
		{1C34D522-175E-4444-86BF-208BC9D0A5E5}.Debug|x86.ActiveCfg = Debug|Any CPU
		{1C34D522-175E-4444-86BF-208BC9D0A5E5}.Debug|x86.Build.0 = Debug|Any CPU
		{1C34D522-175E-4444-86BF-208BC9D0A5E5}.Release|Any CPU.ActiveCfg = Release|Any CPU
		{1C34D522-175E-4444-86BF-208BC9D0A5E5}.Release|Any CPU.Build.0 = Release|Any CPU
		{1C34D522-175E-4444-86BF-208BC9D0A5E5}.Release|x86.ActiveCfg = Release|Any CPU
		{1C34D522-175E-4444-86BF-208BC9D0A5E5}.Release|x86.Build.0 = Release|Any CPU
		{FDEEAC7E-455D-45A5-A693-8288B5EA08A2}.Debug|Any CPU.ActiveCfg = Debug|Any CPU
		{FDEEAC7E-455D-45A5-A693-8288B5EA08A2}.Debug|Any CPU.Build.0 = Debug|Any CPU
		{FDEEAC7E-455D-45A5-A693-8288B5EA08A2}.Debug|x86.ActiveCfg = Debug|Any CPU
		{FDEEAC7E-455D-45A5-A693-8288B5EA08A2}.Debug|x86.Build.0 = Debug|Any CPU
		{FDEEAC7E-455D-45A5-A693-8288B5EA08A2}.Release|Any CPU.ActiveCfg = Release|Any CPU
		{FDEEAC7E-455D-45A5-A693-8288B5EA08A2}.Release|Any CPU.Build.0 = Release|Any CPU
		{FDEEAC7E-455D-45A5-A693-8288B5EA08A2}.Release|x86.ActiveCfg = Release|Any CPU
		{FDEEAC7E-455D-45A5-A693-8288B5EA08A2}.Release|x86.Build.0 = Release|Any CPU
		{15F99E93-AA1D-45FA-A6D9-3B447ED6D45F}.Debug|Any CPU.ActiveCfg = Debug|Any CPU
		{15F99E93-AA1D-45FA-A6D9-3B447ED6D45F}.Debug|Any CPU.Build.0 = Debug|Any CPU
		{15F99E93-AA1D-45FA-A6D9-3B447ED6D45F}.Debug|x86.ActiveCfg = Debug|Any CPU
		{15F99E93-AA1D-45FA-A6D9-3B447ED6D45F}.Debug|x86.Build.0 = Debug|Any CPU
		{15F99E93-AA1D-45FA-A6D9-3B447ED6D45F}.Release|Any CPU.ActiveCfg = Release|Any CPU
		{15F99E93-AA1D-45FA-A6D9-3B447ED6D45F}.Release|Any CPU.Build.0 = Release|Any CPU
		{15F99E93-AA1D-45FA-A6D9-3B447ED6D45F}.Release|x86.ActiveCfg = Release|Any CPU
		{15F99E93-AA1D-45FA-A6D9-3B447ED6D45F}.Release|x86.Build.0 = Release|Any CPU
		{E297A97B-C667-48D4-80E2-FCD9B6A26D7D}.Debug|Any CPU.ActiveCfg = Debug|Any CPU
		{E297A97B-C667-48D4-80E2-FCD9B6A26D7D}.Debug|Any CPU.Build.0 = Debug|Any CPU
		{E297A97B-C667-48D4-80E2-FCD9B6A26D7D}.Debug|x86.ActiveCfg = Debug|Any CPU
		{E297A97B-C667-48D4-80E2-FCD9B6A26D7D}.Debug|x86.Build.0 = Debug|Any CPU
		{E297A97B-C667-48D4-80E2-FCD9B6A26D7D}.Release|Any CPU.ActiveCfg = Release|Any CPU
		{E297A97B-C667-48D4-80E2-FCD9B6A26D7D}.Release|Any CPU.Build.0 = Release|Any CPU
		{E297A97B-C667-48D4-80E2-FCD9B6A26D7D}.Release|x86.ActiveCfg = Release|Any CPU
		{E297A97B-C667-48D4-80E2-FCD9B6A26D7D}.Release|x86.Build.0 = Release|Any CPU
		{18C6D00E-2B45-4FEC-822E-A0FEC543D5D5}.Debug|Any CPU.ActiveCfg = Debug|Any CPU
		{18C6D00E-2B45-4FEC-822E-A0FEC543D5D5}.Debug|Any CPU.Build.0 = Debug|Any CPU
		{18C6D00E-2B45-4FEC-822E-A0FEC543D5D5}.Debug|x86.ActiveCfg = Debug|Any CPU
		{18C6D00E-2B45-4FEC-822E-A0FEC543D5D5}.Debug|x86.Build.0 = Debug|Any CPU
		{18C6D00E-2B45-4FEC-822E-A0FEC543D5D5}.Release|Any CPU.ActiveCfg = Release|Any CPU
		{18C6D00E-2B45-4FEC-822E-A0FEC543D5D5}.Release|Any CPU.Build.0 = Release|Any CPU
		{18C6D00E-2B45-4FEC-822E-A0FEC543D5D5}.Release|x86.ActiveCfg = Release|Any CPU
		{18C6D00E-2B45-4FEC-822E-A0FEC543D5D5}.Release|x86.Build.0 = Release|Any CPU
		{5B561798-DB8A-4923-B730-66E7DAC7E139}.Debug|Any CPU.ActiveCfg = Debug|Any CPU
		{5B561798-DB8A-4923-B730-66E7DAC7E139}.Debug|Any CPU.Build.0 = Debug|Any CPU
		{5B561798-DB8A-4923-B730-66E7DAC7E139}.Debug|x86.ActiveCfg = Debug|Any CPU
		{5B561798-DB8A-4923-B730-66E7DAC7E139}.Debug|x86.Build.0 = Debug|Any CPU
		{5B561798-DB8A-4923-B730-66E7DAC7E139}.Release|Any CPU.ActiveCfg = Release|Any CPU
		{5B561798-DB8A-4923-B730-66E7DAC7E139}.Release|Any CPU.Build.0 = Release|Any CPU
		{5B561798-DB8A-4923-B730-66E7DAC7E139}.Release|x86.ActiveCfg = Release|Any CPU
		{5B561798-DB8A-4923-B730-66E7DAC7E139}.Release|x86.Build.0 = Release|Any CPU
		{E12EADD5-F1F9-4CA5-BA38-DFF4795E7309}.Debug|Any CPU.ActiveCfg = Debug|Any CPU
		{E12EADD5-F1F9-4CA5-BA38-DFF4795E7309}.Debug|Any CPU.Build.0 = Debug|Any CPU
		{E12EADD5-F1F9-4CA5-BA38-DFF4795E7309}.Debug|x86.ActiveCfg = Debug|Any CPU
		{E12EADD5-F1F9-4CA5-BA38-DFF4795E7309}.Debug|x86.Build.0 = Debug|Any CPU
		{E12EADD5-F1F9-4CA5-BA38-DFF4795E7309}.Release|Any CPU.ActiveCfg = Release|Any CPU
		{E12EADD5-F1F9-4CA5-BA38-DFF4795E7309}.Release|Any CPU.Build.0 = Release|Any CPU
		{E12EADD5-F1F9-4CA5-BA38-DFF4795E7309}.Release|x86.ActiveCfg = Release|Any CPU
		{E12EADD5-F1F9-4CA5-BA38-DFF4795E7309}.Release|x86.Build.0 = Release|Any CPU
	EndGlobalSection
	GlobalSection(SolutionProperties) = preSolution
		HideSolutionNode = FALSE
	EndGlobalSection
	GlobalSection(ExtensibilityGlobals) = postSolution
		SolutionGuid = {6FC2ED08-F356-401D-A4D4-DE27C73B71F9}
	EndGlobalSection
EndGlobal
