
Microsoft Visual Studio Solution File, Format Version 12.00
# Visual Studio Version 16
VisualStudioVersion = 16.0.28705.295
MinimumVisualStudioVersion = 10.0.40219.1
Project("{9A19103F-16F7-4668-BE54-9A1E7A4F7556}") = "KY.Generator", "Main\KY.Generator.csproj", "{228EDC4F-4D60-4278-89FE-700FD299CF4D}"
EndProject
Project("{FAE04EC0-301F-11D3-BF4B-00C04F79EFBC}") = "KY.Generator.Main.Legacy", "Main.Legacy\KY.Generator.Main.Legacy.csproj", "{419A3F6A-A7F5-442A-A468-11E598776A49}"
EndProject
Project("{9A19103F-16F7-4668-BE54-9A1E7A4F7556}") = "KY.Generator.Csharp", "CSharp\KY.Generator.Csharp.csproj", "{D23DC658-3C95-4A73-BBC7-22A94E81AEE8}"
EndProject
Project("{9A19103F-16F7-4668-BE54-9A1E7A4F7556}") = "KY.Generator.TypeScript", "TypeScript\KY.Generator.TypeScript.csproj", "{51D247CC-BE96-461F-8848-F6B32461FABB}"
EndProject
Project("{9A19103F-16F7-4668-BE54-9A1E7A4F7556}") = "KY.Generator.Tsql", "Tsql\KY.Generator.Tsql.csproj", "{2D968283-996B-4619-8B10-D8086C2B2922}"
EndProject
Project("{9A19103F-16F7-4668-BE54-9A1E7A4F7556}") = "KY.Generator.OData", "OData\KY.Generator.OData.csproj", "{CDFA710C-3C87-4FFD-980B-69B80F6E8FE3}"
EndProject
Project("{9A19103F-16F7-4668-BE54-9A1E7A4F7556}") = "KY.Generator.Reflection", "Reflection\KY.Generator.Reflection.csproj", "{1CD25461-36BC-46A1-ABDD-F710179A641E}"
EndProject
Project("{9A19103F-16F7-4668-BE54-9A1E7A4F7556}") = "KY.Generator.Json", "Json\KY.Generator.Json.csproj", "{7F14808D-CEDC-4A7D-BC53-DA21EEDCDE1E}"
EndProject
Project("{FAE04EC0-301F-11D3-BF4B-00C04F79EFBC}") = "KY.Generator.CLI", "CLI\KY.Generator.CLI.csproj", "{29748168-4987-4914-9473-2A24C19BEF7B}"
EndProject
Project("{9A19103F-16F7-4668-BE54-9A1E7A4F7556}") = "KY.Generator.Angular", "Angular\KY.Generator.Angular.csproj", "{ECBEBF2B-470C-4F73-96C4-56518981BA50}"
EndProject
Project("{9A19103F-16F7-4668-BE54-9A1E7A4F7556}") = "KY.Generator.AspDotNet", "AspDotNet\KY.Generator.AspDotNet.csproj", "{5915BD99-7A27-4A49-B31D-0CB8A3E07795}"
EndProject
Project("{9A19103F-16F7-4668-BE54-9A1E7A4F7556}") = "KY.Generator.Core", "Core\KY.Generator.Core.csproj", "{8C35562D-FBCE-4588-AB3B-FCC6DEADEBAE}"
EndProject
Project("{9A19103F-16F7-4668-BE54-9A1E7A4F7556}") = "KY.Generator.Watchdog", "Watchdog\KY.Generator.Watchdog.csproj", "{3DE08FD4-D3C7-496F-A013-E543ACC67429}"
EndProject
Project("{9A19103F-16F7-4668-BE54-9A1E7A4F7556}") = "KY.Generator.Reflection.Tests", "Reflection.Tests\KY.Generator.Reflection.Tests.csproj", "{27A916DF-C3AF-4214-BEC0-7871A014C0EB}"
EndProject
Project("{9A19103F-16F7-4668-BE54-9A1E7A4F7556}") = "KY.Generator.OpenApi", "OpenApi\KY.Generator.OpenApi.csproj", "{F05EFD34-C3B0-4334-9739-925F67DAEB99}"
EndProject
Project("{9A19103F-16F7-4668-BE54-9A1E7A4F7556}") = "KY.Generator.Tests", "Tests\KY.Generator.Tests.csproj", "{40398861-DCF0-4349-B10A-AFCFDE993B52}"
EndProject
Project("{9A19103F-16F7-4668-BE54-9A1E7A4F7556}") = "KY.Generator.Core.Tests", "Core.Tests\KY.Generator.Core.Tests.csproj", "{1CFB1E50-F250-448C-8ED5-144544D72638}"
EndProject
Project("{9A19103F-16F7-4668-BE54-9A1E7A4F7556}") = "KY.Generator.Json.Tests", "Json.Tests\KY.Generator.Json.Tests.csproj", "{FE25DBA7-CF52-437D-A3D3-1A1F4E42FB5B}"
EndProject
Project("{9A19103F-16F7-4668-BE54-9A1E7A4F7556}") = "KY.Generator.Csharp.Tests", "Csharp.Tests\KY.Generator.Csharp.Tests.csproj", "{AE66E49B-C77A-49E3-A0B3-8DC749D591F5}"
EndProject
Project("{9A19103F-16F7-4668-BE54-9A1E7A4F7556}") = "KY.Generator.TypeScript.Tests", "TypeScript.Tests\KY.Generator.TypeScript.Tests.csproj", "{19310650-3E9D-426C-A64E-0B75C7285DBC}"
EndProject
Project("{9A19103F-16F7-4668-BE54-9A1E7A4F7556}") = "KY.Generator.AspDotNet.Tests", "AspDotNet.Tests\KY.Generator.AspDotNet.Tests.csproj", "{CDF097B8-222D-4258-B762-0112F4A8BEF9}"
EndProject
Project("{9A19103F-16F7-4668-BE54-9A1E7A4F7556}") = "KY.Generator.OData.Tests", "OData.Tests\KY.Generator.OData.Tests.csproj", "{05FA2AAD-850A-4900-9069-3FEE2A0E4143}"
EndProject
Project("{9A19103F-16F7-4668-BE54-9A1E7A4F7556}") = "KY.Generator.Tsql.Tests", "Tsql.Tests\KY.Generator.Tsql.Tests.csproj", "{D98E8698-668A-4CD7-87A6-2B4168228CDD}"
EndProject
Project("{9A19103F-16F7-4668-BE54-9A1E7A4F7556}") = "KY.Generator.EntityFramework", "EntityFramework\KY.Generator.EntityFramework.csproj", "{D7639D2A-E750-4343-84E4-6C5FE1C3B197}"
EndProject
Project("{9A19103F-16F7-4668-BE54-9A1E7A4F7556}") = "KY.Generator.Angular.Tests", "Angular.Tests\KY.Generator.Angular.Tests.csproj", "{3DD71148-B830-44F3-A2AF-B06F8607D174}"
EndProject
Project("{9A19103F-16F7-4668-BE54-9A1E7A4F7556}") = "KY.Generator.Reflection.Annotations", "Reflection.Annotations\KY.Generator.Reflection.Annotations.csproj", "{2EE3EB76-45E8-482C-AF13-EE65F4A38B5F}"
EndProject
Global
	GlobalSection(SolutionConfigurationPlatforms) = preSolution
		Debug|Any CPU = Debug|Any CPU
		Release|Any CPU = Release|Any CPU
	EndGlobalSection
	GlobalSection(ProjectConfigurationPlatforms) = postSolution
		{228EDC4F-4D60-4278-89FE-700FD299CF4D}.Debug|Any CPU.ActiveCfg = Debug|Any CPU
		{228EDC4F-4D60-4278-89FE-700FD299CF4D}.Debug|Any CPU.Build.0 = Debug|Any CPU
		{228EDC4F-4D60-4278-89FE-700FD299CF4D}.Release|Any CPU.ActiveCfg = Release|Any CPU
		{228EDC4F-4D60-4278-89FE-700FD299CF4D}.Release|Any CPU.Build.0 = Release|Any CPU
		{419A3F6A-A7F5-442A-A468-11E598776A49}.Debug|Any CPU.ActiveCfg = Debug|Any CPU
		{419A3F6A-A7F5-442A-A468-11E598776A49}.Debug|Any CPU.Build.0 = Debug|Any CPU
		{419A3F6A-A7F5-442A-A468-11E598776A49}.Release|Any CPU.ActiveCfg = Release|Any CPU
		{419A3F6A-A7F5-442A-A468-11E598776A49}.Release|Any CPU.Build.0 = Release|Any CPU
		{D23DC658-3C95-4A73-BBC7-22A94E81AEE8}.Debug|Any CPU.ActiveCfg = Debug|Any CPU
		{D23DC658-3C95-4A73-BBC7-22A94E81AEE8}.Debug|Any CPU.Build.0 = Debug|Any CPU
		{D23DC658-3C95-4A73-BBC7-22A94E81AEE8}.Release|Any CPU.ActiveCfg = Release|Any CPU
		{D23DC658-3C95-4A73-BBC7-22A94E81AEE8}.Release|Any CPU.Build.0 = Release|Any CPU
		{51D247CC-BE96-461F-8848-F6B32461FABB}.Debug|Any CPU.ActiveCfg = Debug|Any CPU
		{51D247CC-BE96-461F-8848-F6B32461FABB}.Debug|Any CPU.Build.0 = Debug|Any CPU
		{51D247CC-BE96-461F-8848-F6B32461FABB}.Release|Any CPU.ActiveCfg = Release|Any CPU
		{51D247CC-BE96-461F-8848-F6B32461FABB}.Release|Any CPU.Build.0 = Release|Any CPU
		{2D968283-996B-4619-8B10-D8086C2B2922}.Debug|Any CPU.ActiveCfg = Debug|Any CPU
		{2D968283-996B-4619-8B10-D8086C2B2922}.Debug|Any CPU.Build.0 = Debug|Any CPU
		{2D968283-996B-4619-8B10-D8086C2B2922}.Release|Any CPU.ActiveCfg = Release|Any CPU
		{2D968283-996B-4619-8B10-D8086C2B2922}.Release|Any CPU.Build.0 = Release|Any CPU
		{CDFA710C-3C87-4FFD-980B-69B80F6E8FE3}.Debug|Any CPU.ActiveCfg = Debug|Any CPU
		{CDFA710C-3C87-4FFD-980B-69B80F6E8FE3}.Debug|Any CPU.Build.0 = Debug|Any CPU
		{CDFA710C-3C87-4FFD-980B-69B80F6E8FE3}.Release|Any CPU.ActiveCfg = Release|Any CPU
		{CDFA710C-3C87-4FFD-980B-69B80F6E8FE3}.Release|Any CPU.Build.0 = Release|Any CPU
		{1CD25461-36BC-46A1-ABDD-F710179A641E}.Debug|Any CPU.ActiveCfg = Debug|Any CPU
		{1CD25461-36BC-46A1-ABDD-F710179A641E}.Debug|Any CPU.Build.0 = Debug|Any CPU
		{1CD25461-36BC-46A1-ABDD-F710179A641E}.Release|Any CPU.ActiveCfg = Release|Any CPU
		{1CD25461-36BC-46A1-ABDD-F710179A641E}.Release|Any CPU.Build.0 = Release|Any CPU
		{7F14808D-CEDC-4A7D-BC53-DA21EEDCDE1E}.Debug|Any CPU.ActiveCfg = Debug|Any CPU
		{7F14808D-CEDC-4A7D-BC53-DA21EEDCDE1E}.Debug|Any CPU.Build.0 = Debug|Any CPU
		{7F14808D-CEDC-4A7D-BC53-DA21EEDCDE1E}.Release|Any CPU.ActiveCfg = Release|Any CPU
		{7F14808D-CEDC-4A7D-BC53-DA21EEDCDE1E}.Release|Any CPU.Build.0 = Release|Any CPU
		{29748168-4987-4914-9473-2A24C19BEF7B}.Debug|Any CPU.ActiveCfg = Debug|Any CPU
		{29748168-4987-4914-9473-2A24C19BEF7B}.Debug|Any CPU.Build.0 = Debug|Any CPU
		{29748168-4987-4914-9473-2A24C19BEF7B}.Release|Any CPU.ActiveCfg = Release|Any CPU
		{29748168-4987-4914-9473-2A24C19BEF7B}.Release|Any CPU.Build.0 = Release|Any CPU
		{ECBEBF2B-470C-4F73-96C4-56518981BA50}.Debug|Any CPU.ActiveCfg = Debug|Any CPU
		{ECBEBF2B-470C-4F73-96C4-56518981BA50}.Debug|Any CPU.Build.0 = Debug|Any CPU
		{ECBEBF2B-470C-4F73-96C4-56518981BA50}.Release|Any CPU.ActiveCfg = Release|Any CPU
		{ECBEBF2B-470C-4F73-96C4-56518981BA50}.Release|Any CPU.Build.0 = Release|Any CPU
		{5915BD99-7A27-4A49-B31D-0CB8A3E07795}.Debug|Any CPU.ActiveCfg = Debug|Any CPU
		{5915BD99-7A27-4A49-B31D-0CB8A3E07795}.Debug|Any CPU.Build.0 = Debug|Any CPU
		{5915BD99-7A27-4A49-B31D-0CB8A3E07795}.Release|Any CPU.ActiveCfg = Release|Any CPU
		{5915BD99-7A27-4A49-B31D-0CB8A3E07795}.Release|Any CPU.Build.0 = Release|Any CPU
		{8C35562D-FBCE-4588-AB3B-FCC6DEADEBAE}.Debug|Any CPU.ActiveCfg = Debug|Any CPU
		{8C35562D-FBCE-4588-AB3B-FCC6DEADEBAE}.Debug|Any CPU.Build.0 = Debug|Any CPU
		{8C35562D-FBCE-4588-AB3B-FCC6DEADEBAE}.Release|Any CPU.ActiveCfg = Release|Any CPU
		{8C35562D-FBCE-4588-AB3B-FCC6DEADEBAE}.Release|Any CPU.Build.0 = Release|Any CPU
		{3DE08FD4-D3C7-496F-A013-E543ACC67429}.Debug|Any CPU.ActiveCfg = Debug|Any CPU
		{3DE08FD4-D3C7-496F-A013-E543ACC67429}.Debug|Any CPU.Build.0 = Debug|Any CPU
		{3DE08FD4-D3C7-496F-A013-E543ACC67429}.Release|Any CPU.ActiveCfg = Release|Any CPU
		{3DE08FD4-D3C7-496F-A013-E543ACC67429}.Release|Any CPU.Build.0 = Release|Any CPU
		{27A916DF-C3AF-4214-BEC0-7871A014C0EB}.Debug|Any CPU.ActiveCfg = Debug|Any CPU
		{27A916DF-C3AF-4214-BEC0-7871A014C0EB}.Debug|Any CPU.Build.0 = Debug|Any CPU
		{27A916DF-C3AF-4214-BEC0-7871A014C0EB}.Release|Any CPU.ActiveCfg = Release|Any CPU
		{27A916DF-C3AF-4214-BEC0-7871A014C0EB}.Release|Any CPU.Build.0 = Release|Any CPU
		{F05EFD34-C3B0-4334-9739-925F67DAEB99}.Debug|Any CPU.ActiveCfg = Debug|Any CPU
		{F05EFD34-C3B0-4334-9739-925F67DAEB99}.Debug|Any CPU.Build.0 = Debug|Any CPU
		{F05EFD34-C3B0-4334-9739-925F67DAEB99}.Release|Any CPU.ActiveCfg = Release|Any CPU
		{F05EFD34-C3B0-4334-9739-925F67DAEB99}.Release|Any CPU.Build.0 = Release|Any CPU
		{40398861-DCF0-4349-B10A-AFCFDE993B52}.Debug|Any CPU.ActiveCfg = Debug|Any CPU
		{40398861-DCF0-4349-B10A-AFCFDE993B52}.Debug|Any CPU.Build.0 = Debug|Any CPU
		{40398861-DCF0-4349-B10A-AFCFDE993B52}.Release|Any CPU.ActiveCfg = Release|Any CPU
		{40398861-DCF0-4349-B10A-AFCFDE993B52}.Release|Any CPU.Build.0 = Release|Any CPU
		{1CFB1E50-F250-448C-8ED5-144544D72638}.Debug|Any CPU.ActiveCfg = Debug|Any CPU
		{1CFB1E50-F250-448C-8ED5-144544D72638}.Debug|Any CPU.Build.0 = Debug|Any CPU
		{1CFB1E50-F250-448C-8ED5-144544D72638}.Release|Any CPU.ActiveCfg = Release|Any CPU
		{1CFB1E50-F250-448C-8ED5-144544D72638}.Release|Any CPU.Build.0 = Release|Any CPU
		{FE25DBA7-CF52-437D-A3D3-1A1F4E42FB5B}.Debug|Any CPU.ActiveCfg = Debug|Any CPU
		{FE25DBA7-CF52-437D-A3D3-1A1F4E42FB5B}.Debug|Any CPU.Build.0 = Debug|Any CPU
		{FE25DBA7-CF52-437D-A3D3-1A1F4E42FB5B}.Release|Any CPU.ActiveCfg = Release|Any CPU
		{FE25DBA7-CF52-437D-A3D3-1A1F4E42FB5B}.Release|Any CPU.Build.0 = Release|Any CPU
		{AE66E49B-C77A-49E3-A0B3-8DC749D591F5}.Debug|Any CPU.ActiveCfg = Debug|Any CPU
		{AE66E49B-C77A-49E3-A0B3-8DC749D591F5}.Debug|Any CPU.Build.0 = Debug|Any CPU
		{AE66E49B-C77A-49E3-A0B3-8DC749D591F5}.Release|Any CPU.ActiveCfg = Release|Any CPU
		{AE66E49B-C77A-49E3-A0B3-8DC749D591F5}.Release|Any CPU.Build.0 = Release|Any CPU
		{19310650-3E9D-426C-A64E-0B75C7285DBC}.Debug|Any CPU.ActiveCfg = Debug|Any CPU
		{19310650-3E9D-426C-A64E-0B75C7285DBC}.Debug|Any CPU.Build.0 = Debug|Any CPU
		{19310650-3E9D-426C-A64E-0B75C7285DBC}.Release|Any CPU.ActiveCfg = Release|Any CPU
		{19310650-3E9D-426C-A64E-0B75C7285DBC}.Release|Any CPU.Build.0 = Release|Any CPU
		{CDF097B8-222D-4258-B762-0112F4A8BEF9}.Debug|Any CPU.ActiveCfg = Debug|Any CPU
		{CDF097B8-222D-4258-B762-0112F4A8BEF9}.Debug|Any CPU.Build.0 = Debug|Any CPU
		{CDF097B8-222D-4258-B762-0112F4A8BEF9}.Release|Any CPU.ActiveCfg = Release|Any CPU
		{CDF097B8-222D-4258-B762-0112F4A8BEF9}.Release|Any CPU.Build.0 = Release|Any CPU
		{05FA2AAD-850A-4900-9069-3FEE2A0E4143}.Debug|Any CPU.ActiveCfg = Debug|Any CPU
		{05FA2AAD-850A-4900-9069-3FEE2A0E4143}.Debug|Any CPU.Build.0 = Debug|Any CPU
		{05FA2AAD-850A-4900-9069-3FEE2A0E4143}.Release|Any CPU.ActiveCfg = Release|Any CPU
		{05FA2AAD-850A-4900-9069-3FEE2A0E4143}.Release|Any CPU.Build.0 = Release|Any CPU
		{D98E8698-668A-4CD7-87A6-2B4168228CDD}.Debug|Any CPU.ActiveCfg = Debug|Any CPU
		{D98E8698-668A-4CD7-87A6-2B4168228CDD}.Debug|Any CPU.Build.0 = Debug|Any CPU
		{D98E8698-668A-4CD7-87A6-2B4168228CDD}.Release|Any CPU.ActiveCfg = Release|Any CPU
		{D98E8698-668A-4CD7-87A6-2B4168228CDD}.Release|Any CPU.Build.0 = Release|Any CPU
		{D7639D2A-E750-4343-84E4-6C5FE1C3B197}.Debug|Any CPU.ActiveCfg = Debug|Any CPU
		{D7639D2A-E750-4343-84E4-6C5FE1C3B197}.Debug|Any CPU.Build.0 = Debug|Any CPU
		{D7639D2A-E750-4343-84E4-6C5FE1C3B197}.Release|Any CPU.ActiveCfg = Release|Any CPU
		{D7639D2A-E750-4343-84E4-6C5FE1C3B197}.Release|Any CPU.Build.0 = Release|Any CPU
		{3DD71148-B830-44F3-A2AF-B06F8607D174}.Debug|Any CPU.ActiveCfg = Debug|Any CPU
		{3DD71148-B830-44F3-A2AF-B06F8607D174}.Debug|Any CPU.Build.0 = Debug|Any CPU
		{3DD71148-B830-44F3-A2AF-B06F8607D174}.Release|Any CPU.ActiveCfg = Release|Any CPU
		{3DD71148-B830-44F3-A2AF-B06F8607D174}.Release|Any CPU.Build.0 = Release|Any CPU
		{2EE3EB76-45E8-482C-AF13-EE65F4A38B5F}.Debug|Any CPU.ActiveCfg = Debug|Any CPU
		{2EE3EB76-45E8-482C-AF13-EE65F4A38B5F}.Debug|Any CPU.Build.0 = Debug|Any CPU
		{2EE3EB76-45E8-482C-AF13-EE65F4A38B5F}.Release|Any CPU.ActiveCfg = Release|Any CPU
		{2EE3EB76-45E8-482C-AF13-EE65F4A38B5F}.Release|Any CPU.Build.0 = Release|Any CPU
	EndGlobalSection
	GlobalSection(SolutionProperties) = preSolution
		HideSolutionNode = FALSE
	EndGlobalSection
	GlobalSection(ExtensibilityGlobals) = postSolution
		SolutionGuid = {6FC2ED08-F356-401D-A4D4-DE27C73B71F9}
	EndGlobalSection
EndGlobal
