
Microsoft Visual Studio Solution File, Format Version 12.00
# Visual Studio Version 16
VisualStudioVersion = 16.0.29709.97
MinimumVisualStudioVersion = 10.0.40219.1
Project("{FAE04EC0-301F-11D3-BF4B-00C04F79EFBC}") = "ReflectionIgnoreAttribute", "ReflectionIgnoreAttribute\ReflectionIgnoreAttribute.csproj", "{61FCC3AB-DF53-4A38-8BAB-8398727204C3}"
EndProject
Global
	GlobalSection(SolutionConfigurationPlatforms) = preSolution
		Debug|Any CPU = Debug|Any CPU
		Release|Any CPU = Release|Any CPU
	EndGlobalSection
	GlobalSection(ProjectConfigurationPlatforms) = postSolution
		{61FCC3AB-DF53-4A38-8BAB-8398727204C3}.Debug|Any CPU.ActiveCfg = Debug|Any CPU
		{61FCC3AB-DF53-4A38-8BAB-8398727204C3}.Debug|Any CPU.Build.0 = Debug|Any CPU
		{61FCC3AB-DF53-4A38-8BAB-8398727204C3}.Release|Any CPU.ActiveCfg = Release|Any CPU
		{61FCC3AB-DF53-4A38-8BAB-8398727204C3}.Release|Any CPU.Build.0 = Release|Any CPU
	EndGlobalSection
	GlobalSection(SolutionProperties) = preSolution
		HideSolutionNode = FALSE
	EndGlobalSection
	GlobalSection(ExtensibilityGlobals) = postSolution
		SolutionGuid = {95735E0E-44BA-4E05-96B4-73F0345D47C4}
	EndGlobalSection
EndGlobal
