
Microsoft Visual Studio Solution File, Format Version 12.00
# Visual Studio Version 16
VisualStudioVersion = 16.0.28803.452
MinimumVisualStudioVersion = 10.0.40219.1
Project("{FAE04EC0-301F-11D3-BF4B-00C04F79EFBC}") = "ReflectionFromCore", "ReflectionFromCore\ReflectionFromCore.csproj", "{419CBDB9-CC66-4E15-A841-89B25769C915}"
EndProject
Global
	GlobalSection(SolutionConfigurationPlatforms) = preSolution
		Debug|Any CPU = Debug|Any CPU
		Release|Any CPU = Release|Any CPU
	EndGlobalSection
	GlobalSection(ProjectConfigurationPlatforms) = postSolution
		{419CBDB9-CC66-4E15-A841-89B25769C915}.Debug|Any CPU.ActiveCfg = Debug|Any CPU
		{419CBDB9-CC66-4E15-A841-89B25769C915}.Debug|Any CPU.Build.0 = Debug|Any CPU
		{419CBDB9-CC66-4E15-A841-89B25769C915}.Release|Any CPU.ActiveCfg = Release|Any CPU
		{419CBDB9-CC66-4E15-A841-89B25769C915}.Release|Any CPU.Build.0 = Release|Any CPU
	EndGlobalSection
	GlobalSection(SolutionProperties) = preSolution
		HideSolutionNode = FALSE
	EndGlobalSection
	GlobalSection(ExtensibilityGlobals) = postSolution
		SolutionGuid = {B251FCC5-EE0F-4BE5-B416-63F70BCECC26}
	EndGlobalSection
EndGlobal
