
Microsoft Visual Studio Solution File, Format Version 12.00
# Visual Studio Version 16
VisualStudioVersion = 16.0.28803.452
MinimumVisualStudioVersion = 10.0.40219.1
Project("{FAE04EC0-301F-11D3-BF4B-00C04F79EFBC}") = "ReflectionFromStandard", "ReflectionFromStandard\ReflectionFromStandard.csproj", "{13E21653-C9BE-4D0D-9C53-90C018266EC8}"
EndProject
Global
	GlobalSection(SolutionConfigurationPlatforms) = preSolution
		Debug|Any CPU = Debug|Any CPU
		Release|Any CPU = Release|Any CPU
	EndGlobalSection
	GlobalSection(ProjectConfigurationPlatforms) = postSolution
		{13E21653-C9BE-4D0D-9C53-90C018266EC8}.Debug|Any CPU.ActiveCfg = Debug|Any CPU
		{13E21653-C9BE-4D0D-9C53-90C018266EC8}.Debug|Any CPU.Build.0 = Debug|Any CPU
		{13E21653-C9BE-4D0D-9C53-90C018266EC8}.Release|Any CPU.ActiveCfg = Release|Any CPU
		{13E21653-C9BE-4D0D-9C53-90C018266EC8}.Release|Any CPU.Build.0 = Release|Any CPU
	EndGlobalSection
	GlobalSection(SolutionProperties) = preSolution
		HideSolutionNode = FALSE
	EndGlobalSection
	GlobalSection(ExtensibilityGlobals) = postSolution
		SolutionGuid = {2078A082-29F3-45C7-A633-79B20658F834}
	EndGlobalSection
EndGlobal
