
Microsoft Visual Studio Solution File, Format Version 12.00
# Visual Studio Version 16
VisualStudioVersion = 16.0.28803.452
MinimumVisualStudioVersion = 10.0.40219.1
Project("{FAE04EC0-301F-11D3-BF4B-00C04F79EFBC}") = "ReflectionFromAttributes", "ReflectionFromAttributes\ReflectionFromAttributes.csproj", "{ECFDDD4A-3E12-4FCC-A68D-71E709527BC9}"
EndProject
Global
	GlobalSection(SolutionConfigurationPlatforms) = preSolution
		Debug|Any CPU = Debug|Any CPU
		Release|Any CPU = Release|Any CPU
	EndGlobalSection
	GlobalSection(ProjectConfigurationPlatforms) = postSolution
		{ECFDDD4A-3E12-4FCC-A68D-71E709527BC9}.Debug|Any CPU.ActiveCfg = Debug|Any CPU
		{ECFDDD4A-3E12-4FCC-A68D-71E709527BC9}.Debug|Any CPU.Build.0 = Debug|Any CPU
		{ECFDDD4A-3E12-4FCC-A68D-71E709527BC9}.Release|Any CPU.ActiveCfg = Release|Any CPU
		{ECFDDD4A-3E12-4FCC-A68D-71E709527BC9}.Release|Any CPU.Build.0 = Release|Any CPU
	EndGlobalSection
	GlobalSection(SolutionProperties) = preSolution
		HideSolutionNode = FALSE
	EndGlobalSection
	GlobalSection(ExtensibilityGlobals) = postSolution
		SolutionGuid = {E8CB9979-A188-4C9E-9F44-58908688288E}
	EndGlobalSection
EndGlobal
