
Microsoft Visual Studio Solution File, Format Version 12.00
# Visual Studio Version 16
VisualStudioVersion = 16.0.30709.132
MinimumVisualStudioVersion = 10.0.40219.1
Project("{9A19103F-16F7-4668-BE54-9A1E7A4F7556}") = "AnnotationAsync", "AnnotationAsync\AnnotationAsync.csproj", "{1E6C500E-2A55-4AF9-8A80-83D517AD7FE8}"
EndProject
Project("{FAE04EC0-301F-11D3-BF4B-00C04F79EFBC}") = "AnnotationAsyncAssembly", "AnnotationAsyncAssembly\AnnotationAsyncAssembly.csproj", "{FAC76B26-C228-4248-B5C4-3CF647C15E9F}"
EndProject
Global
	GlobalSection(SolutionConfigurationPlatforms) = preSolution
		Debug|Any CPU = Debug|Any CPU
		Release|Any CPU = Release|Any CPU
	EndGlobalSection
	GlobalSection(ProjectConfigurationPlatforms) = postSolution
		{1E6C500E-2A55-4AF9-8A80-83D517AD7FE8}.Debug|Any CPU.ActiveCfg = Debug|Any CPU
		{1E6C500E-2A55-4AF9-8A80-83D517AD7FE8}.Debug|Any CPU.Build.0 = Debug|Any CPU
		{1E6C500E-2A55-4AF9-8A80-83D517AD7FE8}.Release|Any CPU.ActiveCfg = Release|Any CPU
		{1E6C500E-2A55-4AF9-8A80-83D517AD7FE8}.Release|Any CPU.Build.0 = Release|Any CPU
		{FAC76B26-C228-4248-B5C4-3CF647C15E9F}.Debug|Any CPU.ActiveCfg = Debug|Any CPU
		{FAC76B26-C228-4248-B5C4-3CF647C15E9F}.Debug|Any CPU.Build.0 = Debug|Any CPU
		{FAC76B26-C228-4248-B5C4-3CF647C15E9F}.Release|Any CPU.ActiveCfg = Release|Any CPU
		{FAC76B26-C228-4248-B5C4-3CF647C15E9F}.Release|Any CPU.Build.0 = Release|Any CPU
	EndGlobalSection
	GlobalSection(SolutionProperties) = preSolution
		HideSolutionNode = FALSE
	EndGlobalSection
	GlobalSection(ExtensibilityGlobals) = postSolution
		SolutionGuid = {06F29ABC-BF8C-4A7F-8796-03364E784BB7}
	EndGlobalSection
EndGlobal
