
Microsoft Visual Studio Solution File, Format Version 12.00
# Visual Studio Version 16
VisualStudioVersion = 16.0.30406.217
MinimumVisualStudioVersion = 10.0.40219.1
Project("{FAE04EC0-301F-11D3-BF4B-00C04F79EFBC}") = "AnnotationsWithMultipleOutputs", "AnnotationsWithMultipleOutputs\AnnotationsWithMultipleOutputs.csproj", "{D5C513CF-991A-47BD-8BE5-6EEB95B79338}"
EndProject
Global
	GlobalSection(SolutionConfigurationPlatforms) = preSolution
		Debug|Any CPU = Debug|Any CPU
		Release|Any CPU = Release|Any CPU
	EndGlobalSection
	GlobalSection(ProjectConfigurationPlatforms) = postSolution
		{D5C513CF-991A-47BD-8BE5-6EEB95B79338}.Debug|Any CPU.ActiveCfg = Debug|Any CPU
		{D5C513CF-991A-47BD-8BE5-6EEB95B79338}.Debug|Any CPU.Build.0 = Debug|Any CPU
		{D5C513CF-991A-47BD-8BE5-6EEB95B79338}.Release|Any CPU.ActiveCfg = Release|Any CPU
		{D5C513CF-991A-47BD-8BE5-6EEB95B79338}.Release|Any CPU.Build.0 = Release|Any CPU
	EndGlobalSection
	GlobalSection(SolutionProperties) = preSolution
		HideSolutionNode = FALSE
	EndGlobalSection
	GlobalSection(ExtensibilityGlobals) = postSolution
		SolutionGuid = {EBAA4B6D-E62B-442C-89FC-A79ECAA08E36}
	EndGlobalSection
EndGlobal
