
Microsoft Visual Studio Solution File, Format Version 12.00
Project("{FAE04EC0-301F-11D3-BF4B-00C04F79EFBC}") = "Formatting", "Formatting\Formatting\Formatting.csproj", "{5DB92058-142C-490D-8246-3E2467DC9A84}"
EndProject
Project("{FAE04EC0-301F-11D3-BF4B-00C04F79EFBC}") = "Generator", "Formatting\Generator\Generator.csproj", "{295E1C57-1E7C-41F0-8455-0C037E36A594}"
EndProject
Global
	GlobalSection(SolutionConfigurationPlatforms) = preSolution
		Debug|Any CPU = Debug|Any CPU
		Release|Any CPU = Release|Any CPU
	EndGlobalSection
	GlobalSection(ProjectConfigurationPlatforms) = postSolution
		{5DB92058-142C-490D-8246-3E2467DC9A84}.Debug|Any CPU.ActiveCfg = Debug|Any CPU
		{5DB92058-142C-490D-8246-3E2467DC9A84}.Debug|Any CPU.Build.0 = Debug|Any CPU
		{5DB92058-142C-490D-8246-3E2467DC9A84}.Release|Any CPU.ActiveCfg = Release|Any CPU
		{5DB92058-142C-490D-8246-3E2467DC9A84}.Release|Any CPU.Build.0 = Release|Any CPU
		{295E1C57-1E7C-41F0-8455-0C037E36A594}.Debug|Any CPU.ActiveCfg = Debug|Any CPU
		{295E1C57-1E7C-41F0-8455-0C037E36A594}.Debug|Any CPU.Build.0 = Debug|Any CPU
		{295E1C57-1E7C-41F0-8455-0C037E36A594}.Release|Any CPU.ActiveCfg = Release|Any CPU
		{295E1C57-1E7C-41F0-8455-0C037E36A594}.Release|Any CPU.Build.0 = Release|Any CPU
	EndGlobalSection
EndGlobal
