
Microsoft Visual Studio Solution File, Format Version 12.00
Project("{FAE04EC0-301F-11D3-BF4B-00C04F79EFBC}") = "Net10", "Net10\Net10.csproj", "{3FE25A27-4F60-4718-8FB2-BE47996315D8}"
EndProject
Global
	GlobalSection(SolutionConfigurationPlatforms) = preSolution
		Debug|Any CPU = Debug|Any CPU
		Release|Any CPU = Release|Any CPU
	EndGlobalSection
	GlobalSection(ProjectConfigurationPlatforms) = postSolution
		{3FE25A27-4F60-4718-8FB2-BE47996315D8}.Debug|Any CPU.ActiveCfg = Debug|Any CPU
		{3FE25A27-4F60-4718-8FB2-BE47996315D8}.Debug|Any CPU.Build.0 = Debug|Any CPU
		{3FE25A27-4F60-4718-8FB2-BE47996315D8}.Release|Any CPU.ActiveCfg = Release|Any CPU
		{3FE25A27-4F60-4718-8FB2-BE47996315D8}.Release|Any CPU.Build.0 = Release|Any CPU
	EndGlobalSection
EndGlobal
