
Microsoft Visual Studio Solution File, Format Version 12.00
Project("{FAE04EC0-301F-11D3-BF4B-00C04F79EFBC}") = "Net6", "Net6\Net6.csproj", "{BAD14FB5-07E1-427F-A980-39A198977F92}"
EndProject
Global
	GlobalSection(SolutionConfigurationPlatforms) = preSolution
		Debug|Any CPU = Debug|Any CPU
		Release|Any CPU = Release|Any CPU
	EndGlobalSection
	GlobalSection(ProjectConfigurationPlatforms) = postSolution
		{BAD14FB5-07E1-427F-A980-39A198977F92}.Debug|Any CPU.ActiveCfg = Debug|Any CPU
		{BAD14FB5-07E1-427F-A980-39A198977F92}.Debug|Any CPU.Build.0 = Debug|Any CPU
		{BAD14FB5-07E1-427F-A980-39A198977F92}.Release|Any CPU.ActiveCfg = Release|Any CPU
		{BAD14FB5-07E1-427F-A980-39A198977F92}.Release|Any CPU.Build.0 = Release|Any CPU
	EndGlobalSection
EndGlobal
