
Microsoft Visual Studio Solution File, Format Version 12.00
Project("{FAE04EC0-301F-11D3-BF4B-00C04F79EFBC}") = "Net8", "Net8\Net8.csproj", "{8D02CE37-8013-4A57-A40D-4A10C8C65DE2}"
EndProject
Global
	GlobalSection(SolutionConfigurationPlatforms) = preSolution
		Debug|Any CPU = Debug|Any CPU
		Release|Any CPU = Release|Any CPU
	EndGlobalSection
	GlobalSection(ProjectConfigurationPlatforms) = postSolution
		{8D02CE37-8013-4A57-A40D-4A10C8C65DE2}.Debug|Any CPU.ActiveCfg = Debug|Any CPU
		{8D02CE37-8013-4A57-A40D-4A10C8C65DE2}.Debug|Any CPU.Build.0 = Debug|Any CPU
		{8D02CE37-8013-4A57-A40D-4A10C8C65DE2}.Release|Any CPU.ActiveCfg = Release|Any CPU
		{8D02CE37-8013-4A57-A40D-4A10C8C65DE2}.Release|Any CPU.Build.0 = Release|Any CPU
	EndGlobalSection
EndGlobal
