
Microsoft Visual Studio Solution File, Format Version 12.00
Project("{FAE04EC0-301F-11D3-BF4B-00C04F79EFBC}") = "AnnotationsNullable", "Types\AnnotationsNullable\AnnotationsNullable.csproj", "{F13DD313-1BD6-4A8E-9B3F-D6266D3A25FF}"
EndProject
Project("{FAE04EC0-301F-11D3-BF4B-00C04F79EFBC}") = "AnnotationsNotNullable", "Types\AnnotationsNotNullable\AnnotationsNotNullable.csproj", "{88210355-DDB5-4BF6-A426-81493E839D4E}"
EndProject
Project("{FAE04EC0-301F-11D3-BF4B-00C04F79EFBC}") = "FluentNotNullable", "Types\FluentNotNullable\FluentNotNullable.csproj", "{8C60BCE5-D259-4A61-BD09-1CCB99850DA6}"
EndProject
Project("{FAE04EC0-301F-11D3-BF4B-00C04F79EFBC}") = "FluentNullable", "Types\FluentNullable\FluentNullable.csproj", "{4DD7E930-3ECC-4BFB-BDCB-2ACD36D57DA8}"
EndProject
Global
	GlobalSection(SolutionConfigurationPlatforms) = preSolution
		Debug|Any CPU = Debug|Any CPU
		Release|Any CPU = Release|Any CPU
	EndGlobalSection
	GlobalSection(ProjectConfigurationPlatforms) = postSolution
		{F13DD313-1BD6-4A8E-9B3F-D6266D3A25FF}.Debug|Any CPU.ActiveCfg = Debug|Any CPU
		{F13DD313-1BD6-4A8E-9B3F-D6266D3A25FF}.Debug|Any CPU.Build.0 = Debug|Any CPU
		{F13DD313-1BD6-4A8E-9B3F-D6266D3A25FF}.Release|Any CPU.ActiveCfg = Release|Any CPU
		{F13DD313-1BD6-4A8E-9B3F-D6266D3A25FF}.Release|Any CPU.Build.0 = Release|Any CPU
		{88210355-DDB5-4BF6-A426-81493E839D4E}.Debug|Any CPU.ActiveCfg = Debug|Any CPU
		{88210355-DDB5-4BF6-A426-81493E839D4E}.Debug|Any CPU.Build.0 = Debug|Any CPU
		{88210355-DDB5-4BF6-A426-81493E839D4E}.Release|Any CPU.ActiveCfg = Release|Any CPU
		{88210355-DDB5-4BF6-A426-81493E839D4E}.Release|Any CPU.Build.0 = Release|Any CPU
		{8C60BCE5-D259-4A61-BD09-1CCB99850DA6}.Debug|Any CPU.ActiveCfg = Debug|Any CPU
		{8C60BCE5-D259-4A61-BD09-1CCB99850DA6}.Debug|Any CPU.Build.0 = Debug|Any CPU
		{8C60BCE5-D259-4A61-BD09-1CCB99850DA6}.Release|Any CPU.ActiveCfg = Release|Any CPU
		{8C60BCE5-D259-4A61-BD09-1CCB99850DA6}.Release|Any CPU.Build.0 = Release|Any CPU
		{4DD7E930-3ECC-4BFB-BDCB-2ACD36D57DA8}.Debug|Any CPU.ActiveCfg = Debug|Any CPU
		{4DD7E930-3ECC-4BFB-BDCB-2ACD36D57DA8}.Debug|Any CPU.Build.0 = Debug|Any CPU
		{4DD7E930-3ECC-4BFB-BDCB-2ACD36D57DA8}.Release|Any CPU.ActiveCfg = Release|Any CPU
		{4DD7E930-3ECC-4BFB-BDCB-2ACD36D57DA8}.Release|Any CPU.Build.0 = Release|Any CPU
	EndGlobalSection
EndGlobal
