
Microsoft Visual Studio Solution File, Format Version 12.00
Project("{FAE04EC0-301F-11D3-BF4B-00C04F79EFBC}") = "UrlVersionedWebApiController", "UrlVersionedWebApiController\UrlVersionedWebApiController.csproj", "{AB495E15-78CC-4263-9275-E329F747B050}"
EndProject
Global
	GlobalSection(SolutionConfigurationPlatforms) = preSolution
		Debug|Any CPU = Debug|Any CPU
		Release|Any CPU = Release|Any CPU
	EndGlobalSection
	GlobalSection(ProjectConfigurationPlatforms) = postSolution
		{AB495E15-78CC-4263-9275-E329F747B050}.Debug|Any CPU.ActiveCfg = Debug|Any CPU
		{AB495E15-78CC-4263-9275-E329F747B050}.Debug|Any CPU.Build.0 = Debug|Any CPU
		{AB495E15-78CC-4263-9275-E329F747B050}.Release|Any CPU.ActiveCfg = Release|Any CPU
		{AB495E15-78CC-4263-9275-E329F747B050}.Release|Any CPU.Build.0 = Release|Any CPU
	EndGlobalSection
EndGlobal
