
Microsoft Visual Studio Solution File, Format Version 12.00
# Visual Studio Version 17
VisualStudioVersion = 17.0.31903.59
MinimumVisualStudioVersion = 10.0.40219.1
Project("{FAE04EC0-301F-11D3-BF4B-00C04F79EFBC}") = "CustomBuildOutputLocation", "v10\CustomBuildOutputLocation\CustomBuildOutputLocation.csproj", "{9EB9A315-74E4-453D-B86A-2EAE6207D03F}"
EndProject
Project("{FAE04EC0-301F-11D3-BF4B-00C04F79EFBC}") = "EdgeCases", "v10\EdgeCases\EdgeCases.csproj", "{0F0BD27F-B1E8-4BA0-BB6E-C0F7DFEF979B}"
EndProject
Project("{FAE04EC0-301F-11D3-BF4B-00C04F79EFBC}") = "EnumAnnotationsNullableDisabled", "v10\EnumAnnotationsNullableDisabled\EnumAnnotationsNullableDisabled.csproj", "{605E91D7-EE13-4F1D-9B92-845BB3ACE852}"
EndProject
Project("{FAE04EC0-301F-11D3-BF4B-00C04F79EFBC}") = "EnumAnnotationsNullableEnabled", "v10\EnumAnnotationsNullableEnabled\EnumAnnotationsNullableEnabled.csproj", "{9CAD0FA0-8D9B-46F5-BC6E-AB4244261BCC}"
EndProject
Project("{FAE04EC0-301F-11D3-BF4B-00C04F79EFBC}") = "InheritanceAnnotationsNullableDisabled", "v10\InheritanceAnnotationsNullableDisabled\InheritanceAnnotationsNullableDisabled.csproj", "{5D394855-3AF8-4BB7-BE77-6FE980365C9A}"
EndProject
Project("{FAE04EC0-301F-11D3-BF4B-00C04F79EFBC}") = "NullableEnabledMixedWithNullableDisabled", "v10\NullableEnabledMixedWithNullableDisabled\NullableEnabledMixedWithNullableDisabled.csproj", "{C5722132-AB5A-4D1F-8673-2B3AFB959BAF}"
EndProject
Project("{FAE04EC0-301F-11D3-BF4B-00C04F79EFBC}") = "SelfReferencingAnnotationsNullableEnabled", "v10\SelfReferencingAnnotationsNullableEnabled\SelfReferencingAnnotationsNullableEnabled.csproj", "{B84D2F96-FBA8-416C-B067-F17F09809015}"
EndProject
Project("{FAE04EC0-301F-11D3-BF4B-00C04F79EFBC}") = "StrictAnnotationsNullableDisabled", "v10\StrictAnnotationsNullableDisabled\StrictAnnotationsNullableDisabled.csproj", "{5BFB8C6C-EB36-4BE2-AB49-5A01780AA03E}"
EndProject
Project("{FAE04EC0-301F-11D3-BF4B-00C04F79EFBC}") = "StrictAnnotationsNullableEnabled", "v10\StrictAnnotationsNullableEnabled\StrictAnnotationsNullableEnabled.csproj", "{CDE068C8-67D9-4D7C-A869-9FC28F6B7F72}"
EndProject
Project("{FAE04EC0-301F-11D3-BF4B-00C04F79EFBC}") = "TypesAnnotationsNullableDisabled", "v10\TypesAnnotationsNullableDisabled\TypesAnnotationsNullableDisabled.csproj", "{88210355-DDB5-4BF6-A426-81493E839D4E}"
EndProject
Project("{FAE04EC0-301F-11D3-BF4B-00C04F79EFBC}") = "TypesAnnotationsNullableEnabled", "v10\TypesAnnotationsNullableEnabled\TypesAnnotationsNullableEnabled.csproj", "{F13DD313-1BD6-4A8E-9B3F-D6266D3A25FF}"
EndProject
Project("{FAE04EC0-301F-11D3-BF4B-00C04F79EFBC}") = "TypesFluentNullableDisabled", "v10\TypesFluentNullableDisabled\TypesFluentNullableDisabled.csproj", "{34250918-9BE9-4645-BAAB-94EFF779A14C}"
EndProject
Project("{FAE04EC0-301F-11D3-BF4B-00C04F79EFBC}") = "TypesFluentNullableEnabled", "v10\TypesFluentNullableEnabled\TypesFluentNullableEnabled.csproj", "{D599F518-8C6C-4031-A89A-531C7E7FAC42}"
EndProject
Project("{FAE04EC0-301F-11D3-BF4B-00C04F79EFBC}") = "InheritanceAnnotationsNullableEnabled", "v10\InheritanceAnnotationsNullableEnabled\InheritanceAnnotationsNullableEnabled.csproj", "{A1E4C7D2-3B5F-4E88-9C10-5D2F7A6B4E31}"
EndProject
Project("{FAE04EC0-301F-11D3-BF4B-00C04F79EFBC}") = "SelfReferencingAnnotationsNullableDisabled", "v10\SelfReferencingAnnotationsNullableDisabled\SelfReferencingAnnotationsNullableDisabled.csproj", "{B2F5D8E3-4C60-4F99-8D21-6E3A8B7C5F42}"
EndProject
Project("{FAE04EC0-301F-11D3-BF4B-00C04F79EFBC}") = "IndexAnnotations", "v10\IndexAnnotations\IndexAnnotations.csproj", "{C3A6E9F4-5D71-40AA-9E32-7F4B9C8D6A53}"
EndProject
Project("{FAE04EC0-301F-11D3-BF4B-00C04F79EFBC}") = "HeaderAnnotations", "v10\HeaderAnnotations\HeaderAnnotations.csproj", "{D4B7FA05-6E82-41BB-8F43-804CAD9E7B64}"
EndProject
Project("{FAE04EC0-301F-11D3-BF4B-00C04F79EFBC}") = "UndecoratedNullableDisabled", "v10\UndecoratedNullableDisabled\UndecoratedNullableDisabled.csproj", "{CE8DEEBA-15C2-45EB-9837-8941686F3188}"
EndProject
Global
	GlobalSection(SolutionConfigurationPlatforms) = preSolution
		Debug|Any CPU = Debug|Any CPU
		Debug|x64 = Debug|x64
		Debug|x86 = Debug|x86
		Release|Any CPU = Release|Any CPU
		Release|x64 = Release|x64
		Release|x86 = Release|x86
	EndGlobalSection
	GlobalSection(ProjectConfigurationPlatforms) = postSolution
		{9EB9A315-74E4-453D-B86A-2EAE6207D03F}.Debug|Any CPU.ActiveCfg = Custom|Any CPU
		{9EB9A315-74E4-453D-B86A-2EAE6207D03F}.Debug|Any CPU.Build.0 = Custom|Any CPU
		{9EB9A315-74E4-453D-B86A-2EAE6207D03F}.Debug|x64.ActiveCfg = Debug|Any CPU
		{9EB9A315-74E4-453D-B86A-2EAE6207D03F}.Debug|x64.Build.0 = Debug|Any CPU
		{9EB9A315-74E4-453D-B86A-2EAE6207D03F}.Debug|x86.ActiveCfg = Debug|Any CPU
		{9EB9A315-74E4-453D-B86A-2EAE6207D03F}.Debug|x86.Build.0 = Debug|Any CPU
		{9EB9A315-74E4-453D-B86A-2EAE6207D03F}.Release|Any CPU.ActiveCfg = Custom|Any CPU
		{9EB9A315-74E4-453D-B86A-2EAE6207D03F}.Release|Any CPU.Build.0 = Custom|Any CPU
		{9EB9A315-74E4-453D-B86A-2EAE6207D03F}.Release|x64.ActiveCfg = Release|Any CPU
		{9EB9A315-74E4-453D-B86A-2EAE6207D03F}.Release|x64.Build.0 = Release|Any CPU
		{9EB9A315-74E4-453D-B86A-2EAE6207D03F}.Release|x86.ActiveCfg = Release|Any CPU
		{9EB9A315-74E4-453D-B86A-2EAE6207D03F}.Release|x86.Build.0 = Release|Any CPU
		{0F0BD27F-B1E8-4BA0-BB6E-C0F7DFEF979B}.Debug|Any CPU.ActiveCfg = Debug|Any CPU
		{0F0BD27F-B1E8-4BA0-BB6E-C0F7DFEF979B}.Debug|Any CPU.Build.0 = Debug|Any CPU
		{0F0BD27F-B1E8-4BA0-BB6E-C0F7DFEF979B}.Debug|x64.ActiveCfg = Debug|Any CPU
		{0F0BD27F-B1E8-4BA0-BB6E-C0F7DFEF979B}.Debug|x64.Build.0 = Debug|Any CPU
		{0F0BD27F-B1E8-4BA0-BB6E-C0F7DFEF979B}.Debug|x86.ActiveCfg = Debug|Any CPU
		{0F0BD27F-B1E8-4BA0-BB6E-C0F7DFEF979B}.Debug|x86.Build.0 = Debug|Any CPU
		{0F0BD27F-B1E8-4BA0-BB6E-C0F7DFEF979B}.Release|Any CPU.ActiveCfg = Release|Any CPU
		{0F0BD27F-B1E8-4BA0-BB6E-C0F7DFEF979B}.Release|Any CPU.Build.0 = Release|Any CPU
		{0F0BD27F-B1E8-4BA0-BB6E-C0F7DFEF979B}.Release|x64.ActiveCfg = Release|Any CPU
		{0F0BD27F-B1E8-4BA0-BB6E-C0F7DFEF979B}.Release|x64.Build.0 = Release|Any CPU
		{0F0BD27F-B1E8-4BA0-BB6E-C0F7DFEF979B}.Release|x86.ActiveCfg = Release|Any CPU
		{0F0BD27F-B1E8-4BA0-BB6E-C0F7DFEF979B}.Release|x86.Build.0 = Release|Any CPU
		{605E91D7-EE13-4F1D-9B92-845BB3ACE852}.Debug|Any CPU.ActiveCfg = Debug|Any CPU
		{605E91D7-EE13-4F1D-9B92-845BB3ACE852}.Debug|Any CPU.Build.0 = Debug|Any CPU
		{605E91D7-EE13-4F1D-9B92-845BB3ACE852}.Debug|x64.ActiveCfg = Debug|Any CPU
		{605E91D7-EE13-4F1D-9B92-845BB3ACE852}.Debug|x64.Build.0 = Debug|Any CPU
		{605E91D7-EE13-4F1D-9B92-845BB3ACE852}.Debug|x86.ActiveCfg = Debug|Any CPU
		{605E91D7-EE13-4F1D-9B92-845BB3ACE852}.Debug|x86.Build.0 = Debug|Any CPU
		{605E91D7-EE13-4F1D-9B92-845BB3ACE852}.Release|Any CPU.ActiveCfg = Release|Any CPU
		{605E91D7-EE13-4F1D-9B92-845BB3ACE852}.Release|Any CPU.Build.0 = Release|Any CPU
		{605E91D7-EE13-4F1D-9B92-845BB3ACE852}.Release|x64.ActiveCfg = Release|Any CPU
		{605E91D7-EE13-4F1D-9B92-845BB3ACE852}.Release|x64.Build.0 = Release|Any CPU
		{605E91D7-EE13-4F1D-9B92-845BB3ACE852}.Release|x86.ActiveCfg = Release|Any CPU
		{605E91D7-EE13-4F1D-9B92-845BB3ACE852}.Release|x86.Build.0 = Release|Any CPU
		{9CAD0FA0-8D9B-46F5-BC6E-AB4244261BCC}.Debug|Any CPU.ActiveCfg = Debug|Any CPU
		{9CAD0FA0-8D9B-46F5-BC6E-AB4244261BCC}.Debug|Any CPU.Build.0 = Debug|Any CPU
		{9CAD0FA0-8D9B-46F5-BC6E-AB4244261BCC}.Debug|x64.ActiveCfg = Debug|Any CPU
		{9CAD0FA0-8D9B-46F5-BC6E-AB4244261BCC}.Debug|x64.Build.0 = Debug|Any CPU
		{9CAD0FA0-8D9B-46F5-BC6E-AB4244261BCC}.Debug|x86.ActiveCfg = Debug|Any CPU
		{9CAD0FA0-8D9B-46F5-BC6E-AB4244261BCC}.Debug|x86.Build.0 = Debug|Any CPU
		{9CAD0FA0-8D9B-46F5-BC6E-AB4244261BCC}.Release|Any CPU.ActiveCfg = Release|Any CPU
		{9CAD0FA0-8D9B-46F5-BC6E-AB4244261BCC}.Release|Any CPU.Build.0 = Release|Any CPU
		{9CAD0FA0-8D9B-46F5-BC6E-AB4244261BCC}.Release|x64.ActiveCfg = Release|Any CPU
		{9CAD0FA0-8D9B-46F5-BC6E-AB4244261BCC}.Release|x64.Build.0 = Release|Any CPU
		{9CAD0FA0-8D9B-46F5-BC6E-AB4244261BCC}.Release|x86.ActiveCfg = Release|Any CPU
		{9CAD0FA0-8D9B-46F5-BC6E-AB4244261BCC}.Release|x86.Build.0 = Release|Any CPU
		{5D394855-3AF8-4BB7-BE77-6FE980365C9A}.Debug|Any CPU.ActiveCfg = Debug|Any CPU
		{5D394855-3AF8-4BB7-BE77-6FE980365C9A}.Debug|Any CPU.Build.0 = Debug|Any CPU
		{5D394855-3AF8-4BB7-BE77-6FE980365C9A}.Debug|x64.ActiveCfg = Debug|Any CPU
		{5D394855-3AF8-4BB7-BE77-6FE980365C9A}.Debug|x64.Build.0 = Debug|Any CPU
		{5D394855-3AF8-4BB7-BE77-6FE980365C9A}.Debug|x86.ActiveCfg = Debug|Any CPU
		{5D394855-3AF8-4BB7-BE77-6FE980365C9A}.Debug|x86.Build.0 = Debug|Any CPU
		{5D394855-3AF8-4BB7-BE77-6FE980365C9A}.Release|Any CPU.ActiveCfg = Release|Any CPU
		{5D394855-3AF8-4BB7-BE77-6FE980365C9A}.Release|Any CPU.Build.0 = Release|Any CPU
		{5D394855-3AF8-4BB7-BE77-6FE980365C9A}.Release|x64.ActiveCfg = Release|Any CPU
		{5D394855-3AF8-4BB7-BE77-6FE980365C9A}.Release|x64.Build.0 = Release|Any CPU
		{5D394855-3AF8-4BB7-BE77-6FE980365C9A}.Release|x86.ActiveCfg = Release|Any CPU
		{5D394855-3AF8-4BB7-BE77-6FE980365C9A}.Release|x86.Build.0 = Release|Any CPU
		{C5722132-AB5A-4D1F-8673-2B3AFB959BAF}.Debug|Any CPU.ActiveCfg = Debug|Any CPU
		{C5722132-AB5A-4D1F-8673-2B3AFB959BAF}.Debug|Any CPU.Build.0 = Debug|Any CPU
		{C5722132-AB5A-4D1F-8673-2B3AFB959BAF}.Debug|x64.ActiveCfg = Debug|Any CPU
		{C5722132-AB5A-4D1F-8673-2B3AFB959BAF}.Debug|x64.Build.0 = Debug|Any CPU
		{C5722132-AB5A-4D1F-8673-2B3AFB959BAF}.Debug|x86.ActiveCfg = Debug|Any CPU
		{C5722132-AB5A-4D1F-8673-2B3AFB959BAF}.Debug|x86.Build.0 = Debug|Any CPU
		{C5722132-AB5A-4D1F-8673-2B3AFB959BAF}.Release|Any CPU.ActiveCfg = Release|Any CPU
		{C5722132-AB5A-4D1F-8673-2B3AFB959BAF}.Release|Any CPU.Build.0 = Release|Any CPU
		{C5722132-AB5A-4D1F-8673-2B3AFB959BAF}.Release|x64.ActiveCfg = Release|Any CPU
		{C5722132-AB5A-4D1F-8673-2B3AFB959BAF}.Release|x64.Build.0 = Release|Any CPU
		{C5722132-AB5A-4D1F-8673-2B3AFB959BAF}.Release|x86.ActiveCfg = Release|Any CPU
		{C5722132-AB5A-4D1F-8673-2B3AFB959BAF}.Release|x86.Build.0 = Release|Any CPU
		{B84D2F96-FBA8-416C-B067-F17F09809015}.Debug|Any CPU.ActiveCfg = Debug|Any CPU
		{B84D2F96-FBA8-416C-B067-F17F09809015}.Debug|Any CPU.Build.0 = Debug|Any CPU
		{B84D2F96-FBA8-416C-B067-F17F09809015}.Debug|x64.ActiveCfg = Debug|Any CPU
		{B84D2F96-FBA8-416C-B067-F17F09809015}.Debug|x64.Build.0 = Debug|Any CPU
		{B84D2F96-FBA8-416C-B067-F17F09809015}.Debug|x86.ActiveCfg = Debug|Any CPU
		{B84D2F96-FBA8-416C-B067-F17F09809015}.Debug|x86.Build.0 = Debug|Any CPU
		{B84D2F96-FBA8-416C-B067-F17F09809015}.Release|Any CPU.ActiveCfg = Release|Any CPU
		{B84D2F96-FBA8-416C-B067-F17F09809015}.Release|Any CPU.Build.0 = Release|Any CPU
		{B84D2F96-FBA8-416C-B067-F17F09809015}.Release|x64.ActiveCfg = Release|Any CPU
		{B84D2F96-FBA8-416C-B067-F17F09809015}.Release|x64.Build.0 = Release|Any CPU
		{B84D2F96-FBA8-416C-B067-F17F09809015}.Release|x86.ActiveCfg = Release|Any CPU
		{B84D2F96-FBA8-416C-B067-F17F09809015}.Release|x86.Build.0 = Release|Any CPU
		{5BFB8C6C-EB36-4BE2-AB49-5A01780AA03E}.Debug|Any CPU.ActiveCfg = Debug|Any CPU
		{5BFB8C6C-EB36-4BE2-AB49-5A01780AA03E}.Debug|Any CPU.Build.0 = Debug|Any CPU
		{5BFB8C6C-EB36-4BE2-AB49-5A01780AA03E}.Debug|x64.ActiveCfg = Debug|Any CPU
		{5BFB8C6C-EB36-4BE2-AB49-5A01780AA03E}.Debug|x64.Build.0 = Debug|Any CPU
		{5BFB8C6C-EB36-4BE2-AB49-5A01780AA03E}.Debug|x86.ActiveCfg = Debug|Any CPU
		{5BFB8C6C-EB36-4BE2-AB49-5A01780AA03E}.Debug|x86.Build.0 = Debug|Any CPU
		{5BFB8C6C-EB36-4BE2-AB49-5A01780AA03E}.Release|Any CPU.ActiveCfg = Release|Any CPU
		{5BFB8C6C-EB36-4BE2-AB49-5A01780AA03E}.Release|Any CPU.Build.0 = Release|Any CPU
		{5BFB8C6C-EB36-4BE2-AB49-5A01780AA03E}.Release|x64.ActiveCfg = Release|Any CPU
		{5BFB8C6C-EB36-4BE2-AB49-5A01780AA03E}.Release|x64.Build.0 = Release|Any CPU
		{5BFB8C6C-EB36-4BE2-AB49-5A01780AA03E}.Release|x86.ActiveCfg = Release|Any CPU
		{5BFB8C6C-EB36-4BE2-AB49-5A01780AA03E}.Release|x86.Build.0 = Release|Any CPU
		{CDE068C8-67D9-4D7C-A869-9FC28F6B7F72}.Debug|Any CPU.ActiveCfg = Debug|Any CPU
		{CDE068C8-67D9-4D7C-A869-9FC28F6B7F72}.Debug|Any CPU.Build.0 = Debug|Any CPU
		{CDE068C8-67D9-4D7C-A869-9FC28F6B7F72}.Debug|x64.ActiveCfg = Debug|Any CPU
		{CDE068C8-67D9-4D7C-A869-9FC28F6B7F72}.Debug|x64.Build.0 = Debug|Any CPU
		{CDE068C8-67D9-4D7C-A869-9FC28F6B7F72}.Debug|x86.ActiveCfg = Debug|Any CPU
		{CDE068C8-67D9-4D7C-A869-9FC28F6B7F72}.Debug|x86.Build.0 = Debug|Any CPU
		{CDE068C8-67D9-4D7C-A869-9FC28F6B7F72}.Release|Any CPU.ActiveCfg = Release|Any CPU
		{CDE068C8-67D9-4D7C-A869-9FC28F6B7F72}.Release|Any CPU.Build.0 = Release|Any CPU
		{CDE068C8-67D9-4D7C-A869-9FC28F6B7F72}.Release|x64.ActiveCfg = Release|Any CPU
		{CDE068C8-67D9-4D7C-A869-9FC28F6B7F72}.Release|x64.Build.0 = Release|Any CPU
		{CDE068C8-67D9-4D7C-A869-9FC28F6B7F72}.Release|x86.ActiveCfg = Release|Any CPU
		{CDE068C8-67D9-4D7C-A869-9FC28F6B7F72}.Release|x86.Build.0 = Release|Any CPU
		{88210355-DDB5-4BF6-A426-81493E839D4E}.Debug|Any CPU.ActiveCfg = Debug|Any CPU
		{88210355-DDB5-4BF6-A426-81493E839D4E}.Debug|Any CPU.Build.0 = Debug|Any CPU
		{88210355-DDB5-4BF6-A426-81493E839D4E}.Debug|x64.ActiveCfg = Debug|Any CPU
		{88210355-DDB5-4BF6-A426-81493E839D4E}.Debug|x64.Build.0 = Debug|Any CPU
		{88210355-DDB5-4BF6-A426-81493E839D4E}.Debug|x86.ActiveCfg = Debug|Any CPU
		{88210355-DDB5-4BF6-A426-81493E839D4E}.Debug|x86.Build.0 = Debug|Any CPU
		{88210355-DDB5-4BF6-A426-81493E839D4E}.Release|Any CPU.ActiveCfg = Release|Any CPU
		{88210355-DDB5-4BF6-A426-81493E839D4E}.Release|Any CPU.Build.0 = Release|Any CPU
		{88210355-DDB5-4BF6-A426-81493E839D4E}.Release|x64.ActiveCfg = Release|Any CPU
		{88210355-DDB5-4BF6-A426-81493E839D4E}.Release|x64.Build.0 = Release|Any CPU
		{88210355-DDB5-4BF6-A426-81493E839D4E}.Release|x86.ActiveCfg = Release|Any CPU
		{88210355-DDB5-4BF6-A426-81493E839D4E}.Release|x86.Build.0 = Release|Any CPU
		{F13DD313-1BD6-4A8E-9B3F-D6266D3A25FF}.Debug|Any CPU.ActiveCfg = Debug|Any CPU
		{F13DD313-1BD6-4A8E-9B3F-D6266D3A25FF}.Debug|Any CPU.Build.0 = Debug|Any CPU
		{F13DD313-1BD6-4A8E-9B3F-D6266D3A25FF}.Debug|x64.ActiveCfg = Debug|Any CPU
		{F13DD313-1BD6-4A8E-9B3F-D6266D3A25FF}.Debug|x64.Build.0 = Debug|Any CPU
		{F13DD313-1BD6-4A8E-9B3F-D6266D3A25FF}.Debug|x86.ActiveCfg = Debug|Any CPU
		{F13DD313-1BD6-4A8E-9B3F-D6266D3A25FF}.Debug|x86.Build.0 = Debug|Any CPU
		{F13DD313-1BD6-4A8E-9B3F-D6266D3A25FF}.Release|Any CPU.ActiveCfg = Release|Any CPU
		{F13DD313-1BD6-4A8E-9B3F-D6266D3A25FF}.Release|Any CPU.Build.0 = Release|Any CPU
		{F13DD313-1BD6-4A8E-9B3F-D6266D3A25FF}.Release|x64.ActiveCfg = Release|Any CPU
		{F13DD313-1BD6-4A8E-9B3F-D6266D3A25FF}.Release|x64.Build.0 = Release|Any CPU
		{F13DD313-1BD6-4A8E-9B3F-D6266D3A25FF}.Release|x86.ActiveCfg = Release|Any CPU
		{F13DD313-1BD6-4A8E-9B3F-D6266D3A25FF}.Release|x86.Build.0 = Release|Any CPU
		{34250918-9BE9-4645-BAAB-94EFF779A14C}.Debug|Any CPU.ActiveCfg = Debug|Any CPU
		{34250918-9BE9-4645-BAAB-94EFF779A14C}.Debug|Any CPU.Build.0 = Debug|Any CPU
		{34250918-9BE9-4645-BAAB-94EFF779A14C}.Debug|x64.ActiveCfg = Debug|Any CPU
		{34250918-9BE9-4645-BAAB-94EFF779A14C}.Debug|x64.Build.0 = Debug|Any CPU
		{34250918-9BE9-4645-BAAB-94EFF779A14C}.Debug|x86.ActiveCfg = Debug|Any CPU
		{34250918-9BE9-4645-BAAB-94EFF779A14C}.Debug|x86.Build.0 = Debug|Any CPU
		{34250918-9BE9-4645-BAAB-94EFF779A14C}.Release|Any CPU.ActiveCfg = Release|Any CPU
		{34250918-9BE9-4645-BAAB-94EFF779A14C}.Release|Any CPU.Build.0 = Release|Any CPU
		{34250918-9BE9-4645-BAAB-94EFF779A14C}.Release|x64.ActiveCfg = Release|Any CPU
		{34250918-9BE9-4645-BAAB-94EFF779A14C}.Release|x64.Build.0 = Release|Any CPU
		{34250918-9BE9-4645-BAAB-94EFF779A14C}.Release|x86.ActiveCfg = Release|Any CPU
		{34250918-9BE9-4645-BAAB-94EFF779A14C}.Release|x86.Build.0 = Release|Any CPU
		{D599F518-8C6C-4031-A89A-531C7E7FAC42}.Debug|Any CPU.ActiveCfg = Debug|Any CPU
		{D599F518-8C6C-4031-A89A-531C7E7FAC42}.Debug|Any CPU.Build.0 = Debug|Any CPU
		{D599F518-8C6C-4031-A89A-531C7E7FAC42}.Debug|x64.ActiveCfg = Debug|Any CPU
		{D599F518-8C6C-4031-A89A-531C7E7FAC42}.Debug|x64.Build.0 = Debug|Any CPU
		{D599F518-8C6C-4031-A89A-531C7E7FAC42}.Debug|x86.ActiveCfg = Debug|Any CPU
		{D599F518-8C6C-4031-A89A-531C7E7FAC42}.Debug|x86.Build.0 = Debug|Any CPU
		{D599F518-8C6C-4031-A89A-531C7E7FAC42}.Release|Any CPU.ActiveCfg = Release|Any CPU
		{D599F518-8C6C-4031-A89A-531C7E7FAC42}.Release|Any CPU.Build.0 = Release|Any CPU
		{D599F518-8C6C-4031-A89A-531C7E7FAC42}.Release|x64.ActiveCfg = Release|Any CPU
		{D599F518-8C6C-4031-A89A-531C7E7FAC42}.Release|x64.Build.0 = Release|Any CPU
		{D599F518-8C6C-4031-A89A-531C7E7FAC42}.Release|x86.ActiveCfg = Release|Any CPU
		{D599F518-8C6C-4031-A89A-531C7E7FAC42}.Release|x86.Build.0 = Release|Any CPU
		{A1E4C7D2-3B5F-4E88-9C10-5D2F7A6B4E31}.Debug|Any CPU.ActiveCfg = Debug|Any CPU
		{A1E4C7D2-3B5F-4E88-9C10-5D2F7A6B4E31}.Debug|Any CPU.Build.0 = Debug|Any CPU
		{A1E4C7D2-3B5F-4E88-9C10-5D2F7A6B4E31}.Debug|x64.ActiveCfg = Debug|Any CPU
		{A1E4C7D2-3B5F-4E88-9C10-5D2F7A6B4E31}.Debug|x64.Build.0 = Debug|Any CPU
		{A1E4C7D2-3B5F-4E88-9C10-5D2F7A6B4E31}.Debug|x86.ActiveCfg = Debug|Any CPU
		{A1E4C7D2-3B5F-4E88-9C10-5D2F7A6B4E31}.Debug|x86.Build.0 = Debug|Any CPU
		{A1E4C7D2-3B5F-4E88-9C10-5D2F7A6B4E31}.Release|Any CPU.ActiveCfg = Release|Any CPU
		{A1E4C7D2-3B5F-4E88-9C10-5D2F7A6B4E31}.Release|Any CPU.Build.0 = Release|Any CPU
		{A1E4C7D2-3B5F-4E88-9C10-5D2F7A6B4E31}.Release|x64.ActiveCfg = Release|Any CPU
		{A1E4C7D2-3B5F-4E88-9C10-5D2F7A6B4E31}.Release|x64.Build.0 = Release|Any CPU
		{A1E4C7D2-3B5F-4E88-9C10-5D2F7A6B4E31}.Release|x86.ActiveCfg = Release|Any CPU
		{A1E4C7D2-3B5F-4E88-9C10-5D2F7A6B4E31}.Release|x86.Build.0 = Release|Any CPU
		{B2F5D8E3-4C60-4F99-8D21-6E3A8B7C5F42}.Debug|Any CPU.ActiveCfg = Debug|Any CPU
		{B2F5D8E3-4C60-4F99-8D21-6E3A8B7C5F42}.Debug|Any CPU.Build.0 = Debug|Any CPU
		{B2F5D8E3-4C60-4F99-8D21-6E3A8B7C5F42}.Debug|x64.ActiveCfg = Debug|Any CPU
		{B2F5D8E3-4C60-4F99-8D21-6E3A8B7C5F42}.Debug|x64.Build.0 = Debug|Any CPU
		{B2F5D8E3-4C60-4F99-8D21-6E3A8B7C5F42}.Debug|x86.ActiveCfg = Debug|Any CPU
		{B2F5D8E3-4C60-4F99-8D21-6E3A8B7C5F42}.Debug|x86.Build.0 = Debug|Any CPU
		{B2F5D8E3-4C60-4F99-8D21-6E3A8B7C5F42}.Release|Any CPU.ActiveCfg = Release|Any CPU
		{B2F5D8E3-4C60-4F99-8D21-6E3A8B7C5F42}.Release|Any CPU.Build.0 = Release|Any CPU
		{B2F5D8E3-4C60-4F99-8D21-6E3A8B7C5F42}.Release|x64.ActiveCfg = Release|Any CPU
		{B2F5D8E3-4C60-4F99-8D21-6E3A8B7C5F42}.Release|x64.Build.0 = Release|Any CPU
		{B2F5D8E3-4C60-4F99-8D21-6E3A8B7C5F42}.Release|x86.ActiveCfg = Release|Any CPU
		{B2F5D8E3-4C60-4F99-8D21-6E3A8B7C5F42}.Release|x86.Build.0 = Release|Any CPU
		{C3A6E9F4-5D71-40AA-9E32-7F4B9C8D6A53}.Debug|Any CPU.ActiveCfg = Debug|Any CPU
		{C3A6E9F4-5D71-40AA-9E32-7F4B9C8D6A53}.Debug|Any CPU.Build.0 = Debug|Any CPU
		{C3A6E9F4-5D71-40AA-9E32-7F4B9C8D6A53}.Debug|x64.ActiveCfg = Debug|Any CPU
		{C3A6E9F4-5D71-40AA-9E32-7F4B9C8D6A53}.Debug|x64.Build.0 = Debug|Any CPU
		{C3A6E9F4-5D71-40AA-9E32-7F4B9C8D6A53}.Debug|x86.ActiveCfg = Debug|Any CPU
		{C3A6E9F4-5D71-40AA-9E32-7F4B9C8D6A53}.Debug|x86.Build.0 = Debug|Any CPU
		{C3A6E9F4-5D71-40AA-9E32-7F4B9C8D6A53}.Release|Any CPU.ActiveCfg = Release|Any CPU
		{C3A6E9F4-5D71-40AA-9E32-7F4B9C8D6A53}.Release|Any CPU.Build.0 = Release|Any CPU
		{C3A6E9F4-5D71-40AA-9E32-7F4B9C8D6A53}.Release|x64.ActiveCfg = Release|Any CPU
		{C3A6E9F4-5D71-40AA-9E32-7F4B9C8D6A53}.Release|x64.Build.0 = Release|Any CPU
		{C3A6E9F4-5D71-40AA-9E32-7F4B9C8D6A53}.Release|x86.ActiveCfg = Release|Any CPU
		{C3A6E9F4-5D71-40AA-9E32-7F4B9C8D6A53}.Release|x86.Build.0 = Release|Any CPU
		{D4B7FA05-6E82-41BB-8F43-804CAD9E7B64}.Debug|Any CPU.ActiveCfg = Debug|Any CPU
		{D4B7FA05-6E82-41BB-8F43-804CAD9E7B64}.Debug|Any CPU.Build.0 = Debug|Any CPU
		{D4B7FA05-6E82-41BB-8F43-804CAD9E7B64}.Debug|x64.ActiveCfg = Debug|Any CPU
		{D4B7FA05-6E82-41BB-8F43-804CAD9E7B64}.Debug|x64.Build.0 = Debug|Any CPU
		{D4B7FA05-6E82-41BB-8F43-804CAD9E7B64}.Debug|x86.ActiveCfg = Debug|Any CPU
		{D4B7FA05-6E82-41BB-8F43-804CAD9E7B64}.Debug|x86.Build.0 = Debug|Any CPU
		{D4B7FA05-6E82-41BB-8F43-804CAD9E7B64}.Release|Any CPU.ActiveCfg = Release|Any CPU
		{D4B7FA05-6E82-41BB-8F43-804CAD9E7B64}.Release|Any CPU.Build.0 = Release|Any CPU
		{D4B7FA05-6E82-41BB-8F43-804CAD9E7B64}.Release|x64.ActiveCfg = Release|Any CPU
		{D4B7FA05-6E82-41BB-8F43-804CAD9E7B64}.Release|x64.Build.0 = Release|Any CPU
		{D4B7FA05-6E82-41BB-8F43-804CAD9E7B64}.Release|x86.ActiveCfg = Release|Any CPU
		{D4B7FA05-6E82-41BB-8F43-804CAD9E7B64}.Release|x86.Build.0 = Release|Any CPU
		{CE8DEEBA-15C2-45EB-9837-8941686F3188}.Debug|Any CPU.ActiveCfg = Debug|Any CPU
		{CE8DEEBA-15C2-45EB-9837-8941686F3188}.Debug|Any CPU.Build.0 = Debug|Any CPU
		{CE8DEEBA-15C2-45EB-9837-8941686F3188}.Debug|x64.ActiveCfg = Debug|Any CPU
		{CE8DEEBA-15C2-45EB-9837-8941686F3188}.Debug|x64.Build.0 = Debug|Any CPU
		{CE8DEEBA-15C2-45EB-9837-8941686F3188}.Debug|x86.ActiveCfg = Debug|Any CPU
		{CE8DEEBA-15C2-45EB-9837-8941686F3188}.Debug|x86.Build.0 = Debug|Any CPU
		{CE8DEEBA-15C2-45EB-9837-8941686F3188}.Release|Any CPU.ActiveCfg = Release|Any CPU
		{CE8DEEBA-15C2-45EB-9837-8941686F3188}.Release|Any CPU.Build.0 = Release|Any CPU
		{CE8DEEBA-15C2-45EB-9837-8941686F3188}.Release|x64.ActiveCfg = Release|Any CPU
		{CE8DEEBA-15C2-45EB-9837-8941686F3188}.Release|x64.Build.0 = Release|Any CPU
		{CE8DEEBA-15C2-45EB-9837-8941686F3188}.Release|x86.ActiveCfg = Release|Any CPU
		{CE8DEEBA-15C2-45EB-9837-8941686F3188}.Release|x86.Build.0 = Release|Any CPU
	EndGlobalSection
	GlobalSection(SolutionProperties) = preSolution
		HideSolutionNode = FALSE
	EndGlobalSection
EndGlobal
