
Microsoft Visual Studio Solution File, Format Version 12.00
Project("{FAE04EC0-301F-11D3-BF4B-00C04F79EFBC}") = "TypesAnnotationsNotNullable", "v10\TypesAnnotationsNotNullable\TypesAnnotationsNotNullable.csproj", "{88210355-DDB5-4BF6-A426-81493E839D4E}"
EndProject
Project("{FAE04EC0-301F-11D3-BF4B-00C04F79EFBC}") = "TypesAnnotationsNullable", "v10\TypesAnnotationsNullable\TypesAnnotationsNullable.csproj", "{F13DD313-1BD6-4A8E-9B3F-D6266D3A25FF}"
EndProject
Project("{FAE04EC0-301F-11D3-BF4B-00C04F79EFBC}") = "StrictAnnotationsNotNullable", "v10\StrictAnnotationsNotNullable\StrictAnnotationsNotNullable.csproj", "{88210355-DDB5-4BF6-A426-81493E839D4E}"
EndProject
Project("{FAE04EC0-301F-11D3-BF4B-00C04F79EFBC}") = "StrictAnnotationsNullable", "v10\StrictAnnotationsNullable\StrictAnnotationsNullable.csproj", "{F13DD313-1BD6-4A8E-9B3F-D6266D3A25FF}"
EndProject
Project("{FAE04EC0-301F-11D3-BF4B-00C04F79EFBC}") = "SelfReferencingAnnotationsNullable", "v10\SelfReferencingAnnotationsNullable\SelfReferencingAnnotationsNullable.csproj", "{B84D2F96-FBA8-416C-B067-F17F09809015}"
EndProject
Project("{FAE04EC0-301F-11D3-BF4B-00C04F79EFBC}") = "EnumAnnotationsNotNullable", "v10\EnumAnnotationsNotNullable\EnumAnnotationsNotNullable.csproj", "{605E91D7-EE13-4F1D-9B92-845BB3ACE852}"
EndProject
Project("{FAE04EC0-301F-11D3-BF4B-00C04F79EFBC}") = "InheritanceAnnotationsNotNullable", "v10\InheritanceAnnotationsNotNullable\InheritanceAnnotationsNotNullable.csproj", "{605E91D7-EE13-4F1D-9B92-845BB3ACE852}"
EndProject
Project("{FAE04EC0-301F-11D3-BF4B-00C04F79EFBC}") = "CustomBuildOutputLocation", "v10\CustomBuildOutputLocation\CustomBuildOutputLocation.csproj", "{9EB9A315-74E4-453D-B86A-2EAE6207D03F}"
EndProject
Global
	GlobalSection(SolutionConfigurationPlatforms) = preSolution
		Debug|Any CPU = Debug|Any CPU
		Release|Any CPU = Release|Any CPU
	EndGlobalSection
	GlobalSection(ProjectConfigurationPlatforms) = postSolution
		{88210355-DDB5-4bf6-a426-81493E839D4E}.Debug|Any CPU.ActiveCfg = Debug|Any CPU
		{88210355-DDB5-4bf6-a426-81493E839D4E}.Debug|Any CPU.Build.0 = Debug|Any CPU
		{88210355-DDB5-4bf6-a426-81493E839D4E}.Release|Any CPU.ActiveCfg = Release|Any CPU
		{88210355-DDB5-4bf6-a426-81493E839D4E}.Release|Any CPU.Build.0 = Release|Any CPU
		{F13DD313-1BD6-4A8E-9b3f-D6266D3A25FF}.Debug|Any CPU.ActiveCfg = Debug|Any CPU
		{F13DD313-1BD6-4A8E-9b3f-D6266D3A25FF}.Debug|Any CPU.Build.0 = Debug|Any CPU
		{F13DD313-1BD6-4A8E-9b3f-D6266D3A25FF}.Release|Any CPU.ActiveCfg = Release|Any CPU
		{F13DD313-1BD6-4A8E-9b3f-D6266D3A25FF}.Release|Any CPU.Build.0 = Release|Any CPU
		{88210355-DDB5-4BF6-A426-81493E839D4E}.Debug|Any CPU.ActiveCfg = Debug|Any CPU
		{88210355-DDB5-4BF6-A426-81493E839D4E}.Debug|Any CPU.Build.0 = Debug|Any CPU
		{88210355-DDB5-4BF6-A426-81493E839D4E}.Release|Any CPU.ActiveCfg = Release|Any CPU
		{88210355-DDB5-4BF6-A426-81493E839D4E}.Release|Any CPU.Build.0 = Release|Any CPU
		{F13DD313-1BD6-4A8E-9B3F-D6266D3A25FF}.Debug|Any CPU.ActiveCfg = Debug|Any CPU
		{F13DD313-1BD6-4A8E-9B3F-D6266D3A25FF}.Debug|Any CPU.Build.0 = Debug|Any CPU
		{F13DD313-1BD6-4A8E-9B3F-D6266D3A25FF}.Release|Any CPU.ActiveCfg = Release|Any CPU
		{F13DD313-1BD6-4A8E-9B3F-D6266D3A25FF}.Release|Any CPU.Build.0 = Release|Any CPU
		{B84D2F96-FBA8-416C-B067-F17F09809015}.Debug|Any CPU.ActiveCfg = Debug|Any CPU
		{B84D2F96-FBA8-416C-B067-F17F09809015}.Debug|Any CPU.Build.0 = Debug|Any CPU
		{B84D2F96-FBA8-416C-B067-F17F09809015}.Release|Any CPU.ActiveCfg = Release|Any CPU
		{B84D2F96-FBA8-416C-B067-F17F09809015}.Release|Any CPU.Build.0 = Release|Any CPU
		{605E91D7-EE13-4F1D-9B92-845BB3ACE852}.Debug|Any CPU.ActiveCfg = Debug|Any CPU
		{605E91D7-EE13-4F1D-9B92-845BB3ACE852}.Debug|Any CPU.Build.0 = Debug|Any CPU
		{605E91D7-EE13-4F1D-9B92-845BB3ACE852}.Release|Any CPU.ActiveCfg = Release|Any CPU
		{605E91D7-EE13-4F1D-9B92-845BB3ACE852}.Release|Any CPU.Build.0 = Release|Any CPU
		{605E91D7-ee13-4f1d-9B92-845BB3ACE852}.Debug|Any CPU.ActiveCfg = Debug|Any CPU
		{605E91D7-ee13-4f1d-9B92-845BB3ACE852}.Debug|Any CPU.Build.0 = Debug|Any CPU
		{605E91D7-ee13-4f1d-9B92-845BB3ACE852}.Release|Any CPU.ActiveCfg = Release|Any CPU
		{605E91D7-ee13-4f1d-9B92-845BB3ACE852}.Release|Any CPU.Build.0 = Release|Any CPU
		{9EB9A315-74E4-453D-B86A-2EAE6207D03F}.Debug|Any CPU.ActiveCfg = Custom|Any CPU
		{9EB9A315-74E4-453D-B86A-2EAE6207D03F}.Debug|Any CPU.Build.0 = Custom|Any CPU
		{9EB9A315-74E4-453D-B86A-2EAE6207D03F}.Release|Any CPU.ActiveCfg = Custom|Any CPU
		{9EB9A315-74E4-453D-B86A-2EAE6207D03F}.Release|Any CPU.Build.0 = Custom|Any CPU
	EndGlobalSection
EndGlobal
