
Microsoft Visual Studio Solution File, Format Version 12.00
Project("{FAE04EC0-301F-11D3-BF4B-00C04F79EFBC}") = "WebApiFluent", "WebApiFluent\WebApiFluent.csproj", "{1CC1F243-A9A6-4A2D-A723-D4603E1B4D58}"
EndProject
Project("{FAE04EC0-301F-11D3-BF4B-00C04F79EFBC}") = "WebApiFluent.Generator", "WebApiFluent.Generator\WebApiFluent.Generator.csproj", "{669ECAFD-74B0-43C0-8196-4965CD0625FC}"
EndProject
Global
	GlobalSection(SolutionConfigurationPlatforms) = preSolution
		Debug|Any CPU = Debug|Any CPU
		Release|Any CPU = Release|Any CPU
	EndGlobalSection
	GlobalSection(ProjectConfigurationPlatforms) = postSolution
		{1CC1F243-A9A6-4A2D-A723-D4603E1B4D58}.Debug|Any CPU.ActiveCfg = Debug|Any CPU
		{1CC1F243-A9A6-4A2D-A723-D4603E1B4D58}.Debug|Any CPU.Build.0 = Debug|Any CPU
		{1CC1F243-A9A6-4A2D-A723-D4603E1B4D58}.Release|Any CPU.ActiveCfg = Release|Any CPU
		{1CC1F243-A9A6-4A2D-A723-D4603E1B4D58}.Release|Any CPU.Build.0 = Release|Any CPU
		{669ECAFD-74B0-43C0-8196-4965CD0625FC}.Debug|Any CPU.ActiveCfg = Debug|Any CPU
		{669ECAFD-74B0-43C0-8196-4965CD0625FC}.Debug|Any CPU.Build.0 = Debug|Any CPU
		{669ECAFD-74B0-43C0-8196-4965CD0625FC}.Release|Any CPU.ActiveCfg = Release|Any CPU
		{669ECAFD-74B0-43C0-8196-4965CD0625FC}.Release|Any CPU.Build.0 = Release|Any CPU
	EndGlobalSection
EndGlobal
