
Microsoft Visual Studio Solution File, Format Version 12.00
Project("{FAE04EC0-301F-11D3-BF4B-00C04F79EFBC}") = "ToDatabase", "ToDatabase\ToDatabase.csproj", "{29625C26-0A17-4256-95A5-3F1886BD4181}"
EndProject
Global
	GlobalSection(SolutionConfigurationPlatforms) = preSolution
		Debug|Any CPU = Debug|Any CPU
		Release|Any CPU = Release|Any CPU
	EndGlobalSection
	GlobalSection(ProjectConfigurationPlatforms) = postSolution
		{29625C26-0A17-4256-95A5-3F1886BD4181}.Debug|Any CPU.ActiveCfg = Debug|Any CPU
		{29625C26-0A17-4256-95A5-3F1886BD4181}.Debug|Any CPU.Build.0 = Debug|Any CPU
		{29625C26-0A17-4256-95A5-3F1886BD4181}.Release|Any CPU.ActiveCfg = Release|Any CPU
		{29625C26-0A17-4256-95A5-3F1886BD4181}.Release|Any CPU.Build.0 = Release|Any CPU
	EndGlobalSection
EndGlobal
