
Microsoft Visual Studio Solution File, Format Version 12.00
# Visual Studio Version 16
VisualStudioVersion = 16.0.28407.52
MinimumVisualStudioVersion = 10.0.40219.1
Project("{FAE04EC0-301F-11D3-BF4B-00C04F79EFBC}") = "KY.Generator.Examples.Json.Reader", "KY.Generator.Examples.Json.Reader\KY.Generator.Examples.Json.Reader.csproj", "{5409B36A-AD9C-4951-8CFD-CDFB40CD0872}"
EndProject
Global
	GlobalSection(SolutionConfigurationPlatforms) = preSolution
		Debug|Any CPU = Debug|Any CPU
		Release|Any CPU = Release|Any CPU
	EndGlobalSection
	GlobalSection(ProjectConfigurationPlatforms) = postSolution
		{5409B36A-AD9C-4951-8CFD-CDFB40CD0872}.Debug|Any CPU.ActiveCfg = Debug|Any CPU
		{5409B36A-AD9C-4951-8CFD-CDFB40CD0872}.Debug|Any CPU.Build.0 = Debug|Any CPU
		{5409B36A-AD9C-4951-8CFD-CDFB40CD0872}.Release|Any CPU.ActiveCfg = Release|Any CPU
		{5409B36A-AD9C-4951-8CFD-CDFB40CD0872}.Release|Any CPU.Build.0 = Release|Any CPU
	EndGlobalSection
	GlobalSection(SolutionProperties) = preSolution
		HideSolutionNode = FALSE
	EndGlobalSection
	GlobalSection(ExtensibilityGlobals) = postSolution
		SolutionGuid = {11A3EE6D-D96A-4DF2-85DC-0185638B9AFB}
	EndGlobalSection
EndGlobal
