
Microsoft Visual Studio Solution File, Format Version 12.00
Project("{FAE04EC0-301F-11D3-BF4B-00C04F79EFBC}") = "ChangeReturnType", "ChangeReturnType\Assembly\ChangeReturnType.csproj", "{915C7DBD-A42A-4CB5-A4F6-E6123686D79C}"
EndProject
Project("{FAE04EC0-301F-11D3-BF4B-00C04F79EFBC}") = "Generator", "ChangeReturnType\Generator\Generator.csproj", "{9660B137-C505-4541-84F8-D95684D17506}"
EndProject
Global
	GlobalSection(SolutionConfigurationPlatforms) = preSolution
		Debug|Any CPU = Debug|Any CPU
		Release|Any CPU = Release|Any CPU
	EndGlobalSection
	GlobalSection(ProjectConfigurationPlatforms) = postSolution
		{915C7DBD-A42A-4CB5-A4F6-E6123686D79C}.Debug|Any CPU.ActiveCfg = Debug|Any CPU
		{915C7DBD-A42A-4CB5-A4F6-E6123686D79C}.Debug|Any CPU.Build.0 = Debug|Any CPU
		{915C7DBD-A42A-4CB5-A4F6-E6123686D79C}.Release|Any CPU.ActiveCfg = Release|Any CPU
		{915C7DBD-A42A-4CB5-A4F6-E6123686D79C}.Release|Any CPU.Build.0 = Release|Any CPU
		{9660B137-C505-4541-84F8-D95684D17506}.Debug|Any CPU.ActiveCfg = Debug|Any CPU
		{9660B137-C505-4541-84F8-D95684D17506}.Debug|Any CPU.Build.0 = Debug|Any CPU
		{9660B137-C505-4541-84F8-D95684D17506}.Release|Any CPU.ActiveCfg = Release|Any CPU
		{9660B137-C505-4541-84F8-D95684D17506}.Release|Any CPU.Build.0 = Release|Any CPU
	EndGlobalSection
EndGlobal
