
Microsoft Visual Studio Solution File, Format Version 12.00
Project("{FAE04EC0-301F-11D3-BF4B-00C04F79EFBC}") = "Generator", "FromModel\Generator\Generator.csproj", "{E4FE5F61-B1CB-43D7-B336-071BE6EBF065}"
EndProject
Project("{FAE04EC0-301F-11D3-BF4B-00C04F79EFBC}") = "FromModel", "FromModel\Assembly\FromModel.csproj", "{092DF40C-B956-4683-9D41-C0A947CBED88}"
EndProject
Global
	GlobalSection(SolutionConfigurationPlatforms) = preSolution
		Debug|Any CPU = Debug|Any CPU
		Release|Any CPU = Release|Any CPU
	EndGlobalSection
	GlobalSection(ProjectConfigurationPlatforms) = postSolution
		{E4FE5F61-B1CB-43D7-B336-071BE6EBF065}.Debug|Any CPU.ActiveCfg = Debug|Any CPU
		{E4FE5F61-B1CB-43D7-B336-071BE6EBF065}.Debug|Any CPU.Build.0 = Debug|Any CPU
		{E4FE5F61-B1CB-43D7-B336-071BE6EBF065}.Release|Any CPU.ActiveCfg = Release|Any CPU
		{E4FE5F61-B1CB-43D7-B336-071BE6EBF065}.Release|Any CPU.Build.0 = Release|Any CPU
		{092DF40C-B956-4683-9D41-C0A947CBED88}.Debug|Any CPU.ActiveCfg = Debug|Any CPU
		{092DF40C-B956-4683-9D41-C0A947CBED88}.Debug|Any CPU.Build.0 = Debug|Any CPU
		{092DF40C-B956-4683-9D41-C0A947CBED88}.Release|Any CPU.ActiveCfg = Release|Any CPU
		{092DF40C-B956-4683-9D41-C0A947CBED88}.Release|Any CPU.Build.0 = Release|Any CPU
	EndGlobalSection
EndGlobal
