
Microsoft Visual Studio Solution File, Format Version 12.00
Project("{FAE04EC0-301F-11D3-BF4B-00C04F79EFBC}") = "FromModel", "FromModel\FromModel.csproj", "{D8163BA2-D463-4B54-8FE2-7E46ED7900B3}"
EndProject
Global
	GlobalSection(SolutionConfigurationPlatforms) = preSolution
		Debug|Any CPU = Debug|Any CPU
		Release|Any CPU = Release|Any CPU
	EndGlobalSection
	GlobalSection(ProjectConfigurationPlatforms) = postSolution
		{D8163BA2-D463-4B54-8FE2-7E46ED7900B3}.Debug|Any CPU.ActiveCfg = Debug|Any CPU
		{D8163BA2-D463-4B54-8FE2-7E46ED7900B3}.Debug|Any CPU.Build.0 = Debug|Any CPU
		{D8163BA2-D463-4B54-8FE2-7E46ED7900B3}.Release|Any CPU.ActiveCfg = Release|Any CPU
		{D8163BA2-D463-4B54-8FE2-7E46ED7900B3}.Release|Any CPU.Build.0 = Release|Any CPU
	EndGlobalSection
EndGlobal
