
Microsoft Visual Studio Solution File, Format Version 12.00
Project("{FAE04EC0-301F-11D3-BF4B-00C04F79EFBC}") = "GenerateInterfacesInsteadClasses", "GenerateInterfacesInsteadClasses\GenerateInterfacesInsteadClasses.csproj", "{9AD8B2BC-0B73-4C72-A896-1178A87DA82C}"
EndProject
Global
	GlobalSection(SolutionConfigurationPlatforms) = preSolution
		Debug|Any CPU = Debug|Any CPU
		Release|Any CPU = Release|Any CPU
	EndGlobalSection
	GlobalSection(ProjectConfigurationPlatforms) = postSolution
		{9AD8B2BC-0B73-4C72-A896-1178A87DA82C}.Debug|Any CPU.ActiveCfg = Debug|Any CPU
		{9AD8B2BC-0B73-4C72-A896-1178A87DA82C}.Debug|Any CPU.Build.0 = Debug|Any CPU
		{9AD8B2BC-0B73-4C72-A896-1178A87DA82C}.Release|Any CPU.ActiveCfg = Release|Any CPU
		{9AD8B2BC-0B73-4C72-A896-1178A87DA82C}.Release|Any CPU.Build.0 = Release|Any CPU
	EndGlobalSection
EndGlobal
