
Microsoft Visual Studio Solution File, Format Version 12.00
# Visual Studio Version 16
VisualStudioVersion = 16.0.30406.217
MinimumVisualStudioVersion = 10.0.40219.1
Project("{FAE04EC0-301F-11D3-BF4B-00C04F79EFBC}") = "ModelFromAssembly", "ModelFromAssembly\ModelFromAssembly.csproj", "{472725B7-802E-40C7-AC2F-9467C7B3CF1E}"
EndProject
Global
	GlobalSection(SolutionConfigurationPlatforms) = preSolution
		Debug|Any CPU = Debug|Any CPU
		Release|Any CPU = Release|Any CPU
	EndGlobalSection
	GlobalSection(ProjectConfigurationPlatforms) = postSolution
		{472725B7-802E-40C7-AC2F-9467C7B3CF1E}.Debug|Any CPU.ActiveCfg = Debug|Any CPU
		{472725B7-802E-40C7-AC2F-9467C7B3CF1E}.Debug|Any CPU.Build.0 = Debug|Any CPU
		{472725B7-802E-40C7-AC2F-9467C7B3CF1E}.Release|Any CPU.ActiveCfg = Release|Any CPU
		{472725B7-802E-40C7-AC2F-9467C7B3CF1E}.Release|Any CPU.Build.0 = Release|Any CPU
	EndGlobalSection
	GlobalSection(SolutionProperties) = preSolution
		HideSolutionNode = FALSE
	EndGlobalSection
	GlobalSection(ExtensibilityGlobals) = postSolution
		SolutionGuid = {E13558B4-3A78-4B58-A1AC-9A15E13522F0}
	EndGlobalSection
EndGlobal
