
Microsoft Visual Studio Solution File, Format Version 12.00
# Visual Studio Version 16
VisualStudioVersion = 16.0.30406.217
MinimumVisualStudioVersion = 10.0.40219.1
Project("{FAE04EC0-301F-11D3-BF4B-00C04F79EFBC}") = "ServiceFromAspNetCore", "ServiceFromAspNetCore\ServiceFromAspNetCore.csproj", "{458A8BB6-5086-4365-AB2B-4B5B4D2D31D0}"
EndProject
Global
	GlobalSection(SolutionConfigurationPlatforms) = preSolution
		Debug|Any CPU = Debug|Any CPU
		Release|Any CPU = Release|Any CPU
	EndGlobalSection
	GlobalSection(ProjectConfigurationPlatforms) = postSolution
		{458A8BB6-5086-4365-AB2B-4B5B4D2D31D0}.Debug|Any CPU.ActiveCfg = Debug|Any CPU
		{458A8BB6-5086-4365-AB2B-4B5B4D2D31D0}.Debug|Any CPU.Build.0 = Debug|Any CPU
		{458A8BB6-5086-4365-AB2B-4B5B4D2D31D0}.Release|Any CPU.ActiveCfg = Release|Any CPU
		{458A8BB6-5086-4365-AB2B-4B5B4D2D31D0}.Release|Any CPU.Build.0 = Release|Any CPU
	EndGlobalSection
	GlobalSection(SolutionProperties) = preSolution
		HideSolutionNode = FALSE
	EndGlobalSection
	GlobalSection(ExtensibilityGlobals) = postSolution
		SolutionGuid = {A829D679-741B-4E61-8CAF-0326528B7CEC}
	EndGlobalSection
EndGlobal
