
Microsoft Visual Studio Solution File, Format Version 12.00
Project("{FAE04EC0-301F-11D3-BF4B-00C04F79EFBC}") = "Strict", "Strict\Strict.csproj", "{91288426-E8FB-48C0-AD35-7ED824C0F94B}"
EndProject
Global
	GlobalSection(SolutionConfigurationPlatforms) = preSolution
		Debug|Any CPU = Debug|Any CPU
		Release|Any CPU = Release|Any CPU
	EndGlobalSection
	GlobalSection(ProjectConfigurationPlatforms) = postSolution
		{91288426-E8FB-48C0-AD35-7ED824C0F94B}.Debug|Any CPU.ActiveCfg = Debug|Any CPU
		{91288426-E8FB-48C0-AD35-7ED824C0F94B}.Debug|Any CPU.Build.0 = Debug|Any CPU
		{91288426-E8FB-48C0-AD35-7ED824C0F94B}.Release|Any CPU.ActiveCfg = Release|Any CPU
		{91288426-E8FB-48C0-AD35-7ED824C0F94B}.Release|Any CPU.Build.0 = Release|Any CPU
	EndGlobalSection
EndGlobal
