Microsoft Visual Studio Solution File, Format Version 12.00
Project("{FAE04EC0-301F-11D3-BF4B-00C04F79EFBC}") = "HeaderAndLint.Generator", "HeaderAndLint.Generator\HeaderAndLint.Generator.csproj", "{AE197F7A-590F-4086-83BC-2550C900A391}"
EndProject
Project("{FAE04EC0-301F-11D3-BF4B-00C04F79EFBC}") = "HeaderAndLint", "HeaderAndLint\HeaderAndLint.csproj", "{4A9912AD-73CB-437A-8B86-B2B5CB907372}"
EndProject
Global
	GlobalSection(SolutionConfigurationPlatforms) = preSolution
		Debug|Any CPU = Debug|Any CPU
		Release|Any CPU = Release|Any CPU
	EndGlobalSection
	GlobalSection(ProjectConfigurationPlatforms) = postSolution
		{AE197F7A-590F-4086-83BC-2550C900A391}.Debug|Any CPU.ActiveCfg = Debug|Any CPU
		{AE197F7A-590F-4086-83BC-2550C900A391}.Debug|Any CPU.Build.0 = Debug|Any CPU
		{AE197F7A-590F-4086-83BC-2550C900A391}.Release|Any CPU.ActiveCfg = Release|Any CPU
		{AE197F7A-590F-4086-83BC-2550C900A391}.Release|Any CPU.Build.0 = Release|Any CPU
		{4A9912AD-73CB-437A-8B86-B2B5CB907372}.Debug|Any CPU.ActiveCfg = Debug|Any CPU
		{4A9912AD-73CB-437A-8B86-B2B5CB907372}.Debug|Any CPU.Build.0 = Debug|Any CPU
		{4A9912AD-73CB-437A-8B86-B2B5CB907372}.Release|Any CPU.ActiveCfg = Release|Any CPU
		{4A9912AD-73CB-437A-8B86-B2B5CB907372}.Release|Any CPU.Build.0 = Release|Any CPU
	EndGlobalSection
EndGlobal
